// !$*UTF8*$!
{
	archiveVersion = 1;
	classes = {
	};
	objectVersion = 77;
	objects = {

/* Begin PBXBuildFile section */
		BB00CC11DD22EE33FF44AA55 /* tools_system.m in Sources */ = {isa = PBXBuildFile; fileRef = EE00FF11AA22BB33CC44DD55 /* tools_system.m */; };
		CC11DD22EE33FF44AA55BB66 /* OmegaCrashBarrier.m in Sources */ = {isa = PBXBuildFile; fileRef = FF11AA22BB33CC44DD55EE66 /* OmegaCrashBarrier.m */; };

		15F024122FBB9510004BD090 /* folderDark.materialrecipe in Resources */ = {isa = PBXBuildFile; fileRef = 15F023F52FBB9510004BD090 /* folderDark.materialrecipe */; };
		15F024152FBB9510004BD090 /* homeScreenBackdrop-application.materialrecipe in Resources */ = {isa = PBXBuildFile; fileRef = 15F023F12FBB9510004BD090 /* homeScreenBackdrop-application.materialrecipe */; };
		15F024162FBB9510004BD090 /* dockDark.materialrecipe in Resources */ = {isa = PBXBuildFile; fileRef = 15F023F22FBB9510004BD090 /* dockDark.materialrecipe */; };
		15F024172FBB9510004BD090 /* platters.materialrecipe in Resources */ = {isa = PBXBuildFile; fileRef = 15F024022FBB9510004BD090 /* platters.materialrecipe */; };
		15F024192FBB9510004BD090 /* HomeBarAssets.car in Resources */ = {isa = PBXBuildFile; fileRef = 15F023F02FBB9510004BD090 /* HomeBarAssets.car */; };
		15F0241A2FBB9510004BD090 /* modules.materialrecipe in Resources */ = {isa = PBXBuildFile; fileRef = 15F023FF2FBB9510004BD090 /* modules.materialrecipe */; };
		15F0241B2FBB9510004BD090 /* folderExpandedBackgroundHome.materialrecipe in Resources */ = {isa = PBXBuildFile; fileRef = 15F023F82FBB9510004BD090 /* folderExpandedBackgroundHome.materialrecipe */; };
		15F0241E2FBB9510004BD090 /* platterVibrantShadowDark.visualstyleset in Resources */ = {isa = PBXBuildFile; fileRef = 15F024052FBB9510004BD090 /* platterVibrantShadowDark.visualstyleset */; };
		15F024212FBB9510004BD090 /* homeScreenOverlay.materialrecipe in Resources */ = {isa = PBXBuildFile; fileRef = 15F023FA2FBB9510004BD090 /* homeScreenOverlay.materialrecipe */; };
		15F024232FBB9510004BD090 /* homeScreenOverlay-iPad.materialrecipe in Resources */ = {isa = PBXBuildFile; fileRef = 15F023F92FBB9510004BD090 /* homeScreenOverlay-iPad.materialrecipe */; };
		15F024242FBB9510004BD090 /* plattersDark.materialrecipe in Resources */ = {isa = PBXBuildFile; fileRef = 15F024032FBB9510004BD090 /* plattersDark.materialrecipe */; };
		15F024252FBB9510004BD090 /* podBackgroundViewLight.visualstyleset in Resources */ = {isa = PBXBuildFile; fileRef = 15F023FD2FBB9510004BD090 /* podBackgroundViewLight.visualstyleset */; };
		15F0242A2FBB9510004BD090 /* dockLight.materialrecipe in Resources */ = {isa = PBXBuildFile; fileRef = 15F023F32FBB9510004BD090 /* dockLight.materialrecipe */; };
		15F0242E2FBB9510004BD090 /* folderLight.materialrecipe in Resources */ = {isa = PBXBuildFile; fileRef = 15F023F62FBB9510004BD090 /* folderLight.materialrecipe */; };
		15F024312FBB9510004BD090 /* platterVibrantShadowLight.visualstyleset in Resources */ = {isa = PBXBuildFile; fileRef = 15F024062FBB9510004BD090 /* platterVibrantShadowLight.visualstyleset */; };
		15F024322FBB9510004BD090 /* replacement.materialrecipe in Resources */ = {isa = PBXBuildFile; fileRef = 15F024092FBB9510004BD090 /* replacement.materialrecipe */; };
		15F024342FBB9510004BD090 /* modulesBackground.materialrecipe in Resources */ = {isa = PBXBuildFile; fileRef = 15F024002FBB9510004BD090 /* modulesBackground.materialrecipe */; };
		15F024352FBB9510004BD090 /* podBackgroundViewDark.visualstyleset in Resources */ = {isa = PBXBuildFile; fileRef = 15F023FC2FBB9510004BD090 /* podBackgroundViewDark.visualstyleset */; };
		9F4A1D2F3C4E567890123456 /* lara/lib/libxpf.dylib in Embed Frameworks */ = {isa = PBXBuildFile; fileRef = 9F4A1D2E3C4E567890123456 /* lara/lib/libxpf.dylib */; settings = {ATTRIBUTES = (CodeSignOnCopy, RemoveHeadersOnCopy, ); }; };
		9F4A1D423C4E567890123456 /* lara/lib/libgrabkernel2.dylib in Embed Frameworks */ = {isa = PBXBuildFile; fileRef = 9F4A1D413C4E567890123456 /* lara/lib/libgrabkernel2.dylib */; settings = {ATTRIBUTES = (CodeSignOnCopy, RemoveHeadersOnCopy, ); }; };
		F75DD90ACC925A1E8E33C26C /* lara.swift in Sources */ = {isa = PBXBuildFile; fileRef = 24AD0E6BAD636D64ED3FCC1B /* lara.swift */; };
		C336E3979CC2C7F8A94D6AF1 /* PartyUI.swift in Sources */ = {isa = PBXBuildFile; fileRef = 77AD6557EA1F38C224395F02 /* PartyUI.swift */; };
		C2858ED0B081F8AE3766D2E9 /* AppInfo.swift in Sources */ = {isa = PBXBuildFile; fileRef = B655773A9808324ABA32830A /* AppInfo.swift */; };
		E66C9E83A962BD601DC9A45B /* VariableBlur.swift in Sources */ = {isa = PBXBuildFile; fileRef = EDA257FC47CB7CC685720C0E /* VariableBlur.swift */; };
		16A22C8513C12FA7287FFF3D /* Alertinator.swift in Sources */ = {isa = PBXBuildFile; fileRef = 551B1F2969CE4C189315A411 /* Alertinator.swift */; };
		A1A489324EECFC2C14286B1F /* Exitinator.swift in Sources */ = {isa = PBXBuildFile; fileRef = F29614977F3C5F02619B2B6A /* Exitinator.swift */; };
		F49932979ABF1D4ED4A0AC5F /* Hapticinator.swift in Sources */ = {isa = PBXBuildFile; fileRef = FC99194F9BED020BF921ED0D /* Hapticinator.swift */; };
		18D5DFF22131DCC6C74079B6 /* Shareinator.swift in Sources */ = {isa = PBXBuildFile; fileRef = C1D17BAF26227FFB37DEA597 /* Shareinator.swift */; };
		13040154CC3AD232872123C7 /* AppInfoCell.swift in Sources */ = {isa = PBXBuildFile; fileRef = A59408649071595D8B0D1070 /* AppInfoCell.swift */; };
		970535CE5A52D1FF5FB41228 /* GetLicenseDict.swift in Sources */ = {isa = PBXBuildFile; fileRef = 4E995D7F6AEB3A449DFC5686 /* GetLicenseDict.swift */; };
		AE2C05E08C6CAF8BB4221FA6 /* LicenseView.swift in Sources */ = {isa = PBXBuildFile; fileRef = 2F55C82409802E7B76FA8D53 /* LicenseView.swift */; };
		11E4FBC57698685B9C373266 /* LinkCreditCell.swift in Sources */ = {isa = PBXBuildFile; fileRef = 4D5C9D939D625857962CAED8 /* LinkCreditCell.swift */; };
		8404FBEA58D62E9F837AC3B3 /* WelcomeSheetRow.swift in Sources */ = {isa = PBXBuildFile; fileRef = 91996EE268831FE1258936E4 /* WelcomeSheetRow.swift */; };
		3C52575B35033304AEDEE2D2 /* WelcomeSheetView.swift in Sources */ = {isa = PBXBuildFile; fileRef = 8937B28B15EA6CFA43756757 /* WelcomeSheetView.swift */; };
		EBAA1004B067253BD11072F2 /* DesignStyle.swift in Sources */ = {isa = PBXBuildFile; fileRef = D00515B211CD780311265C7E /* DesignStyle.swift */; };
		250B4805A28E3C1386BED9FC /* ButtonLabel.swift in Sources */ = {isa = PBXBuildFile; fileRef = 620F0B109837CA2C21D9B2CD /* ButtonLabel.swift */; };
		82D0EFA81A7DF3F2126D86BA /* FancyButtonStyle.swift in Sources */ = {isa = PBXBuildFile; fileRef = C4C8FD54863BC820BA699236 /* FancyButtonStyle.swift */; };
		ACF3BC80C6BC51FCFE836F84 /* NavigationLabel.swift in Sources */ = {isa = PBXBuildFile; fileRef = 5B28117EB05C451AD805434B /* NavigationLabel.swift */; };
		05DF35E9115262318EB0ADAD /* PrimaryButtonStyle.swift in Sources */ = {isa = PBXBuildFile; fileRef = D9A33A05C37A4308BF7FAD21 /* PrimaryButtonStyle.swift */; };
		C2E88D7B9FFC73920CB9280B /* TinyButtonStyle.swift in Sources */ = {isa = PBXBuildFile; fileRef = B6AAC4E3F1E9C8EF99C47C81 /* TinyButtonStyle.swift */; };
		C385FCD0C3F7E413F33C2C8B /* TranslucentButtonStyle.swift in Sources */ = {isa = PBXBuildFile; fileRef = AAC9B6DA90ED077484B55E5B /* TranslucentButtonStyle.swift */; };
		51141D5A2CEAFB6B6E25CBA4 /* FadeAnimation.swift in Sources */ = {isa = PBXBuildFile; fileRef = FBDA3E5254A0474F00394420 /* FadeAnimation.swift */; };
		020B5E04BBC53F5A29A32244 /* OverlayBackground.swift in Sources */ = {isa = PBXBuildFile; fileRef = 3F097073AD76847AD3F40228 /* OverlayBackground.swift */; };
		E9332A5BAACA579DA00CDF75 /* CompactAlert.swift in Sources */ = {isa = PBXBuildFile; fileRef = 5C4534B1B92C8C60EECA55C7 /* CompactAlert.swift */; };
		7A87F6FCD9BA2AF758661A65 /* InfoBadge.swift in Sources */ = {isa = PBXBuildFile; fileRef = A3E508524FDD55A38C0E6812 /* InfoBadge.swift */; };
		A310F66C3A5EAAAF89AD00AA /* PlainAlert.swift in Sources */ = {isa = PBXBuildFile; fileRef = FFF6B427145AAFE6017688AF /* PlainAlert.swift */; };
		342FD58F32A171753DAD9EC5 /* TinyInfoPlatter.swift in Sources */ = {isa = PBXBuildFile; fileRef = 395FFBE25AAB2A708773CF39 /* TinyInfoPlatter.swift */; };
		5BB013B946DC583B164AB45D /* PlainToggle.swift in Sources */ = {isa = PBXBuildFile; fileRef = 82721AC4D3E40F5C5981F23A /* PlainToggle.swift */; };
		6CAB2E8179E908BC764AA623 /* PlatterToggle.swift in Sources */ = {isa = PBXBuildFile; fileRef = 2A8A38201BF9C9D563E72FDE /* PlatterToggle.swift */; };
		6A1D4F7C9EB1EF2FA2BAE491 /* TextFieldBackground.swift in Sources */ = {isa = PBXBuildFile; fileRef = 33928C337D6D6B5F83D88220 /* TextFieldBackground.swift */; };
		281BDB3F762CAFD6D1EC0B0B /* TextFieldButton.swift in Sources */ = {isa = PBXBuildFile; fileRef = 4FADC63D1D901BCFF461AE8F /* TextFieldButton.swift */; };
		0A8208BFDC8A3732DCB00295 /* HeaderDropdown.swift in Sources */ = {isa = PBXBuildFile; fileRef = 0FEB9C68AFB2834DEAB9E482 /* HeaderDropdown.swift */; };
		4E1F9AAFFB101897004C955D /* HeaderLabel.swift in Sources */ = {isa = PBXBuildFile; fileRef = 04778F60D615872F2C84CBD7 /* HeaderLabel.swift */; };
		6D8657DA1467B03D6C6E8130 /* SectionPlatter.swift in Sources */ = {isa = PBXBuildFile; fileRef = 8DA39D8EFED8A3CB7091A9C3 /* SectionPlatter.swift */; };
		E0746B8FC83A9B3A3CE1F256 /* ThemedHeaderLabel.swift in Sources */ = {isa = PBXBuildFile; fileRef = 890A2B327AE25B4DFCFCB9C0 /* ThemedHeaderLabel.swift */; };
		C6D6DAC23FE684FE474A32BB /* TerminalHeader.swift in Sources */ = {isa = PBXBuildFile; fileRef = 77584D0D0AACAB2401F195A4 /* TerminalHeader.swift */; };
		A081CF5B6551B3F0277F1913 /* TerminalPlatter.swift in Sources */ = {isa = PBXBuildFile; fileRef = 9CF5899A9A7B40ECFDE77FD8 /* TerminalPlatter.swift */; };
		F6BE6560D16DCF958942009B /* AppContext.swift in Sources */ = {isa = PBXBuildFile; fileRef = A03D92FC4099CFF2D20B8600 /* AppContext.swift */; };
		C2B06E1E8BF8ECF277B4C7AA /* CommandLogger.swift in Sources */ = {isa = PBXBuildFile; fileRef = B8AC5C5A4A25BCD9CEE99A42 /* CommandLogger.swift */; };
		950854E730EB4C10CA4BD111 /* CommandResult.swift in Sources */ = {isa = PBXBuildFile; fileRef = FEFF65E087288BE3F6E44013 /* CommandResult.swift */; };
		444E97390AED60000C7D460D /* HotPlugin.swift in Sources */ = {isa = PBXBuildFile; fileRef = FF42CEB51EB9FEA0F619D74E /* HotPlugin.swift */; };
		4F58A200F2B4BA116F686184 /* HotPluginManager.swift in Sources */ = {isa = PBXBuildFile; fileRef = 82DCAB3AA6F0B66A46FB0D27 /* HotPluginManager.swift */; };
		6DC8D5FE987FE7D343D97E58 /* KernelScanner.swift in Sources */ = {isa = PBXBuildFile; fileRef = E59C3875A234E4F3D2924D1D /* KernelScanner.swift */; };
		60FF76FBBB440F7C955391F1 /* Logger.swift in Sources */ = {isa = PBXBuildFile; fileRef = E7289337A741894F80333C08 /* Logger.swift */; };
		B23A7D56D6521582A6ABBCD3 /* OmegaBootstrap.swift in Sources */ = {isa = PBXBuildFile; fileRef = BCE5BEE456579D0798456BC6 /* OmegaBootstrap.swift */; };
		29A9D5F0DDB72CBFC3635659 /* OmegaBus.swift in Sources */ = {isa = PBXBuildFile; fileRef = 1CFD52B2D39D2AB0631DF599 /* OmegaBus.swift */; };
		5712B55D4BE65A6E598DB845 /* OmegaCore.swift in Sources */ = {isa = PBXBuildFile; fileRef = B68E3D68AA10BC030A57CB26 /* OmegaCore.swift */; };
		36E889C8CECD5DC05FFF8D8E /* OmegaExtendedA.swift in Sources */ = {isa = PBXBuildFile; fileRef = 6F2194B4DEC13AB30CACC9BF /* OmegaExtendedA.swift */; };
		DAAE0A506E6C393C9E7F20C4 /* OmegaExtendedB.swift in Sources */ = {isa = PBXBuildFile; fileRef = C973C384E6E947BD892351CA /* OmegaExtendedB.swift */; };
		CDF80E3F8C1CCDF374A1C3AF /* OmegaExtendedC.swift in Sources */ = {isa = PBXBuildFile; fileRef = 76CB277556F45840D384621D /* OmegaExtendedC.swift */; };
		FD585332D6DADD2332C9C09D /* OmegaExtendedD.swift in Sources */ = {isa = PBXBuildFile; fileRef = 428832808E521894755AF1BD /* OmegaExtendedD.swift */; };
		3A2E1DECB0A299B32ACF33F4 /* OmegaExtendedE.swift in Sources */ = {isa = PBXBuildFile; fileRef = D89A65C1A48AAB310DC1EC71 /* OmegaExtendedE.swift */; };
		AA00BB11CC22DD33EE44FF55 /* OmegaExtendedF.swift in Sources */ = {isa = PBXBuildFile; fileRef = FF00EE11DD22CC33BB44AA55 /* OmegaExtendedF.swift */; };
		AA11BB22CC33DD44EE55FF66 /* OmegaExtendedG.swift in Sources */ = {isa = PBXBuildFile; fileRef = FF11EE22DD33CC44BB55AA66 /* OmegaExtendedG.swift */; };
		7C45CD1949D93C9A24476790 /* OmegaFS.swift in Sources */ = {isa = PBXBuildFile; fileRef = 8AD1835EDF551AE3335C8C26 /* OmegaFS.swift */; };
		CB8B58ED5D3655D81E616D02 /* OmegaPlugin.swift in Sources */ = {isa = PBXBuildFile; fileRef = BE5BB0839286C029A560F44F /* OmegaPlugin.swift */; };
		7AE7E8B83FE608B520890BA7 /* OmegaRouter.swift in Sources */ = {isa = PBXBuildFile; fileRef = 6F8128BD38A0A635F6832F55 /* OmegaRouter.swift */; };
		B27D3D0A4FA80DA3A0AF8427 /* OmegaValidator.swift in Sources */ = {isa = PBXBuildFile; fileRef = 04673D1D9EDDA27C14CBBA27 /* OmegaValidator.swift */; };
		2D2F79E3B0F0C42B1DC7CE14 /* PluginManager.swift in Sources */ = {isa = PBXBuildFile; fileRef = 5E0CF6BBDBA9EC423BD9D39E /* PluginManager.swift */; };
		CC7BD2D25125666C58A3B493 /* ProcessLayer.swift in Sources */ = {isa = PBXBuildFile; fileRef = 024F1B5266E9264D097F1A13 /* ProcessLayer.swift */; };
		D898E08C88AD353B1C2905A2 /* TerminalHistory.swift in Sources */ = {isa = PBXBuildFile; fileRef = 9370511F8A1775A618C84AED /* TerminalHistory.swift */; };
		9DDB0DA80C14B78A5DB12E90 /* laramgr.swift in Sources */ = {isa = PBXBuildFile; fileRef = E4147C1DA1001D5C6D684EAC /* laramgr.swift */; };
		5FE6E5DA11FFE78D1A1CE119 /* zipmgr.swift in Sources */ = {isa = PBXBuildFile; fileRef = 93A98281B26FD8D08DCB4D15 /* zipmgr.swift */; };
		AE5089B3646AD560BC08BAC3 /* IconThemeGalleryManager.swift in Sources */ = {isa = PBXBuildFile; fileRef = D30D65E67F9D48DFC9ABAA0E /* IconThemeGalleryManager.swift */; };
		0C8B28FDEC0B0F5E9939529C /* IconThemeManager.swift in Sources */ = {isa = PBXBuildFile; fileRef = 1A64752EE80B33C233212028 /* IconThemeManager.swift */; };
		CA576921AB173CF8E6246BB5 /* PasscodeGalleryManager.swift in Sources */ = {isa = PBXBuildFile; fileRef = E6A50D42752F2BDE1262B8EB /* PasscodeGalleryManager.swift */; };
		6FC44A975B7793270D9F7DCC /* fetchkcache.swift in Sources */ = {isa = PBXBuildFile; fileRef = 1651DF773DFAB8734CA9A5FA /* fetchkcache.swift */; };
		870C3797E7A6D39263AD81FD /* getbmhash.swift in Sources */ = {isa = PBXBuildFile; fileRef = A722BB474B2FB2D28A86918E /* getbmhash.swift */; };
		2383F7216A5AB5014438A02A /* helpers.swift in Sources */ = {isa = PBXBuildFile; fileRef = 9FD1CD8A987E63DC7D267586 /* helpers.swift */; };
		813796FF84DDCAE182A774ED /* isdebugged.swift in Sources */ = {isa = PBXBuildFile; fileRef = 6A071C35159E8E82EEA8CC6F /* isdebugged.swift */; };
		E2E5835495D7CB7CA96DB159 /* islcinstalled.swift in Sources */ = {isa = PBXBuildFile; fileRef = B704A38BCCE23116DD129619 /* islcinstalled.swift */; };
		15E71F0D58EDEE7A19343D8E /* isunsupported.swift in Sources */ = {isa = PBXBuildFile; fileRef = B1BEBC35AAA48EECE9808D3C /* isunsupported.swift */; };
		BFF62513516B96F49194BEF2 /* keepalive.swift in Sources */ = {isa = PBXBuildFile; fileRef = 40B8B642C6319C24C068E69A /* keepalive.swift */; };
		E0FA4844DC8BD30BFFC6D5EB /* resizetoapprox.swift in Sources */ = {isa = PBXBuildFile; fileRef = 5D9AFA4E66AAD95005D2B572 /* resizetoapprox.swift */; };
		ED1898DE3750DE7F55912E24 /* EchoPlugin.swift in Sources */ = {isa = PBXBuildFile; fileRef = 4151127733F3B3DFD195688D /* EchoPlugin.swift */; };
		34A4BF36D29A2A633971EC0C /* StatusPlugin.swift in Sources */ = {isa = PBXBuildFile; fileRef = 40868535CCB69DA8538BAE37 /* StatusPlugin.swift */; };
		3A08A5AFE15B6D0504B2260D /* ContentView.swift in Sources */ = {isa = PBXBuildFile; fileRef = 38F3ED5ED7860E72B1D4BFCE /* ContentView.swift */; };
		3BCCE900A2139F464B15B4CA /* LogsView.swift in Sources */ = {isa = PBXBuildFile; fileRef = 5DDFEC66E5A4E88C5AEDE29C /* LogsView.swift */; };
		9C903685EBF73F380C7AA54A /* TerminalView.swift in Sources */ = {isa = PBXBuildFile; fileRef = 56FAE78C163245DBAD61628D /* TerminalView.swift */; };
		8911D2EA603C4A617A5E4290 /* CreditsView.swift in Sources */ = {isa = PBXBuildFile; fileRef = 7931E79A7AB76F7E1689BF80 /* CreditsView.swift */; };
		B0442F46FFBADFECDB6D1B56 /* OffsetManagementView.swift in Sources */ = {isa = PBXBuildFile; fileRef = 128519107732AA4031F795E1 /* OffsetManagementView.swift */; };
		56075F2D9C7A9EB33174ED9D /* SettingsView.swift in Sources */ = {isa = PBXBuildFile; fileRef = 8972B9A4A510EA0C25051558 /* SettingsView.swift */; };
		2FCEB9A7AC885BC7324B3FCF /* DirectoryView.swift in Sources */ = {isa = PBXBuildFile; fileRef = F6D7F30CD769E2A03F291DF6 /* DirectoryView.swift */; };
		990FDB35E765AC84B64E7556 /* FileInfoSheet.swift in Sources */ = {isa = PBXBuildFile; fileRef = B321A544D69877082E383C6F /* FileInfoSheet.swift */; };
		375DC474D6E091ACF5A0F741 /* FileSystemHelpers.swift in Sources */ = {isa = PBXBuildFile; fileRef = B5A0D65C07D50B28E42162D6 /* FileSystemHelpers.swift */; };
		50B515B3D533FDE958B44888 /* FileView.swift in Sources */ = {isa = PBXBuildFile; fileRef = 0903C3DD27D92843D0CB176A /* FileView.swift */; };
		B443BA162D4D841FD90C8267 /* SantanderView.swift in Sources */ = {isa = PBXBuildFile; fileRef = B38F9493AA9ACB51D6F9CAAC /* SantanderView.swift */; };
		8145B4BA0FB427FBAFCE10CC /* respring.swift in Sources */ = {isa = PBXBuildFile; fileRef = E9835E784C98428F352A49F4 /* respring.swift */; };
		379A70E38F06E81093C36626 /* AppsView.swift in Sources */ = {isa = PBXBuildFile; fileRef = 177AC3659BDF786E4B93E71A /* AppsView.swift */; };
		F6C0ADA822BC02BD0FF69D3C /* CardView.swift in Sources */ = {isa = PBXBuildFile; fileRef = 0FAE2351F06A9E7AE520DA4E /* CardView.swift */; };
		A4061D609030D7D398008801 /* CustomView.swift in Sources */ = {isa = PBXBuildFile; fileRef = 2E892911A80FAC740BE27ED8 /* CustomView.swift */; };
		31CC3C82C568C90676047425 /* DecryptView.swift in Sources */ = {isa = PBXBuildFile; fileRef = CFD29A0458A5FAD53F3EA0F3 /* DecryptView.swift */; };
		C4B17607FDEA329796DFABF9 /* FontPicker.swift in Sources */ = {isa = PBXBuildFile; fileRef = 3911361C77BC8563E3FBCEB3 /* FontPicker.swift */; };
		9A793B66F7390A468E4E012A /* IPAInstallerView.swift in Sources */ = {isa = PBXBuildFile; fileRef = FA3D0CCE72A08E5CF9D5EDC5 /* IPAInstallerView.swift */; };
		3BECDF9C5CEF1DD0A4D3DC00 /* JitView.swift in Sources */ = {isa = PBXBuildFile; fileRef = ACA357A3F94CE96ED0DBCE77 /* JitView.swift */; };
		A57CE4DDDC94D95705A6B815 /* OTAView.swift in Sources */ = {isa = PBXBuildFile; fileRef = 99C36B4E9697C1BB48C86E02 /* OTAView.swift */; };
		81A373562C120AB50C42820D /* RemoteView.swift in Sources */ = {isa = PBXBuildFile; fileRef = 0D8554537715AC6C32F5F375 /* RemoteView.swift */; };
		C6E86A91BD43EB4A9D2F6AEE /* ScreenTimeView.swift in Sources */ = {isa = PBXBuildFile; fileRef = 945FB546FF2C5640CEDD2192 /* ScreenTimeView.swift */; };
		BFF515DAE6B19F30F24D9951 /* SystemColor.swift in Sources */ = {isa = PBXBuildFile; fileRef = 55889D90F11031D6BF80706A /* SystemColor.swift */; };
		3732BE210C2ADBA6808CA1A7 /* ToolsView.swift in Sources */ = {isa = PBXBuildFile; fileRef = 955DC3E793FC618B31CBBF3D /* ToolsView.swift */; };
		C7A667D2F5F64F9EDD924A88 /* TweaksView.swift in Sources */ = {isa = PBXBuildFile; fileRef = 6CAFF9CDB4A2D77E7AE7C798 /* TweaksView.swift */; };
		1ACDB4734341EFF5B53338F1 /* VarCleanView.swift in Sources */ = {isa = PBXBuildFile; fileRef = 4CF9D4C3D9904A0321B5ED31 /* VarCleanView.swift */; };
		B89DE93B911D9A41BB696037 /* WhitelistView.swift in Sources */ = {isa = PBXBuildFile; fileRef = 0FE98CDA75E73D6D7428B7F4 /* WhitelistView.swift */; };
		24B6F6BC7827AED203DEC772 /* CCView.swift in Sources */ = {isa = PBXBuildFile; fileRef = EE35554B2CF1380ADD404A50 /* CCView.swift */; };
		88D90A0222197FB35F12DDD3 /* DarkBoardExploreView.swift in Sources */ = {isa = PBXBuildFile; fileRef = AD419BC07B61A511797BEE0D /* DarkBoardExploreView.swift */; };
		E3E414CD627513BABD034F63 /* DarkBoardView.swift in Sources */ = {isa = PBXBuildFile; fileRef = 4776BC0953631E35C6C0F5BE /* DarkBoardView.swift */; };
		CFC1ACE9303A80B0CFD90FDC /* dirtyZeroTweakArray.swift in Sources */ = {isa = PBXBuildFile; fileRef = 100F9C2C9F6B9C51876657B2 /* dirtyZeroTweakArray.swift */; };
		FF2FDBFD31987C713A895616 /* dirtyZeroView.swift in Sources */ = {isa = PBXBuildFile; fileRef = 305CA19E03CD9FB6FE6BA2BD /* dirtyZeroView.swift */; };
		F06D05427A40A823D4D20372 /* LiquidGlassPreview.swift in Sources */ = {isa = PBXBuildFile; fileRef = 97CF54DA69D5F7733F9595C9 /* LiquidGlassPreview.swift */; };
		0B64702478ED54017C832125 /* LiquidGlassView.swift in Sources */ = {isa = PBXBuildFile; fileRef = 3DD57EFCC6EDB49D17710DDF /* LiquidGlassView.swift */; };
		076A96DD7D437C1CF62FD2B0 /* GestaltFileView.swift in Sources */ = {isa = PBXBuildFile; fileRef = 020405F84F198C999CF58747 /* GestaltFileView.swift */; };
		61A34C89B64F0D824BECB4FD /* GestaltView.swift in Sources */ = {isa = PBXBuildFile; fileRef = 155F9D62E0BB9E599AD4AF3E /* GestaltView.swift */; };
		F0905768E99529014103B517 /* PasscodeExploreView.swift in Sources */ = {isa = PBXBuildFile; fileRef = B5A0E78580DBFF1BE729AD60 /* PasscodeExploreView.swift */; };
		5F6EC5F32FF380F58404B8CA /* PasscodeRepoView.swift in Sources */ = {isa = PBXBuildFile; fileRef = 05EFE94A7EA7A248C37342A9 /* PasscodeRepoView.swift */; };
		261598E345362190030A8906 /* PasscodeView.swift in Sources */ = {isa = PBXBuildFile; fileRef = F3B17D495C064680186D0F6D /* PasscodeView.swift */; };
		C199649A51BDF1058CED27F3 /* SBCustomizerHandler.swift in Sources */ = {isa = PBXBuildFile; fileRef = 84A2D6C37A1068E61CCA5ED1 /* SBCustomizerHandler.swift */; };
		76C96635B8F154FEA91B2CB5 /* SpringBoardView.swift in Sources */ = {isa = PBXBuildFile; fileRef = 3FF5DE0D16794B83EBDC8E75 /* SpringBoardView.swift */; };
		PL00000002000000000000002 /* ProcLinkEngine.swift in Sources */ = {isa = PBXBuildFile; fileRef = PL00000001000000000000001 /* ProcLinkEngine.swift */; };
/* End PBXBuildFile section */

/* Begin PBXCopyFilesBuildPhase section */
		9F4A1D313C4E567890123456 /* Embed Frameworks */ = {
			isa = PBXCopyFilesBuildPhase;
			buildActionMask = 2147483647;
			dstPath = "";
			dstSubfolderSpec = 10;
			files = (
				9F4A1D2F3C4E567890123456 /* lara/lib/libxpf.dylib in Embed Frameworks */,
				9F4A1D423C4E567890123456 /* lara/lib/libgrabkernel2.dylib in Embed Frameworks */,
			);
			name = "Embed Frameworks";
			runOnlyForDeploymentPostprocessing = 0;
		};
		CC6845A02F86948300B08EB0 /* Embed App Clips */ = {
			isa = PBXCopyFilesBuildPhase;
			buildActionMask = 2147483647;
			dstPath = "$(CONTENTS_FOLDER_PATH)/AppClips";
			dstSubfolderSpec = 16;
			files = (
			);
			name = "Embed App Clips";
			runOnlyForDeploymentPostprocessing = 0;
		};
/* End PBXCopyFilesBuildPhase section */

/* Begin PBXFileReference section */
		EE00FF11AA22BB33CC44DD55 /* tools_system.m */ = {isa = PBXFileReference; lastKnownFileType = sourcecode.c.objc; path = lara/kexploit/pe/tools_system.m; sourceTree = "<group>"; };
		FF11AA22BB33CC44DD55EE66 /* OmegaCrashBarrier.m */ = {isa = PBXFileReference; lastKnownFileType = sourcecode.c.objc; path = lara/classes/OmegaCrashBarrier.m; sourceTree = "<group>"; };

		15F023F02FBB9510004BD090 /* HomeBarAssets.car */ = {isa = PBXFileReference; lastKnownFileType = file; path = HomeBarAssets.car; sourceTree = "<group>"; };
		15F023F12FBB9510004BD090 /* homeScreenBackdrop-application.materialrecipe */ = {isa = PBXFileReference; lastKnownFileType = file.bplist; path = "homeScreenBackdrop-application.materialrecipe"; sourceTree = "<group>"; };
		15F023F22FBB9510004BD090 /* dockDark.materialrecipe */ = {isa = PBXFileReference; lastKnownFileType = file.bplist; path = dockDark.materialrecipe; sourceTree = "<group>"; };
		15F023F32FBB9510004BD090 /* dockLight.materialrecipe */ = {isa = PBXFileReference; lastKnownFileType = file.bplist; path = dockLight.materialrecipe; sourceTree = "<group>"; };
		15F023F52FBB9510004BD090 /* folderDark.materialrecipe */ = {isa = PBXFileReference; lastKnownFileType = file.bplist; path = folderDark.materialrecipe; sourceTree = "<group>"; };
		15F023F62FBB9510004BD090 /* folderLight.materialrecipe */ = {isa = PBXFileReference; lastKnownFileType = file.bplist; path = folderLight.materialrecipe; sourceTree = "<group>"; };
		15F023F82FBB9510004BD090 /* folderExpandedBackgroundHome.materialrecipe */ = {isa = PBXFileReference; lastKnownFileType = file.bplist; path = folderExpandedBackgroundHome.materialrecipe; sourceTree = "<group>"; };
		15F023F92FBB9510004BD090 /* homeScreenOverlay-iPad.materialrecipe */ = {isa = PBXFileReference; lastKnownFileType = text.xml; path = "homeScreenOverlay-iPad.materialrecipe"; sourceTree = "<group>"; };
		15F023FA2FBB9510004BD090 /* homeScreenOverlay.materialrecipe */ = {isa = PBXFileReference; lastKnownFileType = text.xml; path = homeScreenOverlay.materialrecipe; sourceTree = "<group>"; };
		15F023FC2FBB9510004BD090 /* podBackgroundViewDark.visualstyleset */ = {isa = PBXFileReference; lastKnownFileType = text.xml; path = podBackgroundViewDark.visualstyleset; sourceTree = "<group>"; };
		15F023FD2FBB9510004BD090 /* podBackgroundViewLight.visualstyleset */ = {isa = PBXFileReference; lastKnownFileType = text.xml; path = podBackgroundViewLight.visualstyleset; sourceTree = "<group>"; };
		15F023FF2FBB9510004BD090 /* modules.materialrecipe */ = {isa = PBXFileReference; lastKnownFileType = file.bplist; path = modules.materialrecipe; sourceTree = "<group>"; };
		15F024002FBB9510004BD090 /* modulesBackground.materialrecipe */ = {isa = PBXFileReference; lastKnownFileType = file.bplist; path = modulesBackground.materialrecipe; sourceTree = "<group>"; };
		15F024022FBB9510004BD090 /* platters.materialrecipe */ = {isa = PBXFileReference; lastKnownFileType = file.bplist; path = platters.materialrecipe; sourceTree = "<group>"; };
		15F024032FBB9510004BD090 /* plattersDark.materialrecipe */ = {isa = PBXFileReference; lastKnownFileType = file.bplist; path = plattersDark.materialrecipe; sourceTree = "<group>"; };
		15F024052FBB9510004BD090 /* platterVibrantShadowDark.visualstyleset */ = {isa = PBXFileReference; lastKnownFileType = file.bplist; path = platterVibrantShadowDark.visualstyleset; sourceTree = "<group>"; };
		15F024062FBB9510004BD090 /* platterVibrantShadowLight.visualstyleset */ = {isa = PBXFileReference; lastKnownFileType = file.bplist; path = platterVibrantShadowLight.visualstyleset; sourceTree = "<group>"; };
		15F024092FBB9510004BD090 /* replacement.materialrecipe */ = {isa = PBXFileReference; lastKnownFileType = file.bplist; path = replacement.materialrecipe; sourceTree = "<group>"; };
		8F5C1F9B2D6A4E9D9F4B1A21 /* lara/kexploit/darksword.m */ = {isa = PBXFileReference; lastKnownFileType = sourcecode.c.objc; path = lara/kexploit/darksword.m; sourceTree = "<group>"; };
		9F4A1D2E3C4E567890123456 /* lara/lib/libxpf.dylib */ = {isa = PBXFileReference; lastKnownFileType = "compiled.mach-o.dylib"; path = lara/lib/libxpf.dylib; sourceTree = "<group>"; };
		9F4A1D413C4E567890123456 /* lara/lib/libgrabkernel2.dylib */ = {isa = PBXFileReference; lastKnownFileType = "compiled.mach-o.dylib"; path = lara/lib/libgrabkernel2.dylib; sourceTree = "<group>"; };
		A1B2C3D4E5F60001A1B2C3D4 /* lara/kexploit/ota.m */ = {isa = PBXFileReference; lastKnownFileType = sourcecode.c.objc; path = lara/kexploit/ota.m; sourceTree = "<group>"; };
		A1B2C3D4E5F60002A1B2C3D4 /* lara/kexploit/ota.h */ = {isa = PBXFileReference; lastKnownFileType = sourcecode.c.h; path = lara/kexploit/ota.h; sourceTree = "<group>"; };
		A1B2C3D4E5F60003A1B2C3D4 /* lara/kexploit/screentime.m */ = {isa = PBXFileReference; lastKnownFileType = sourcecode.c.objc; path = lara/kexploit/screentime.m; sourceTree = "<group>"; };
		A1B2C3D4E5F60004A1B2C3D4 /* lara/kexploit/screentime.h */ = {isa = PBXFileReference; lastKnownFileType = sourcecode.c.h; path = lara/kexploit/screentime.h; sourceTree = "<group>"; };
		CC1C8B392F71DF9C00206982 /* lara.app */ = {isa = PBXFileReference; explicitFileType = wrapper.application; includeInIndex = 0; path = lara.app; sourceTree = BUILT_PRODUCTS_DIR; };
		CC6842DF2F8311C300B08EB0 /* libSystem.B.tbd */ = {isa = PBXFileReference; lastKnownFileType = "sourcecode.text-based-dylib-definition"; name = libSystem.B.tbd; path = usr/lib/libSystem.B.tbd; sourceTree = SDKROOT; };
		24AD0E6BAD636D64ED3FCC1B /* lara.swift */ = {isa = PBXFileReference; lastKnownFileType = sourcecode.swift; path = lara/lara.swift; sourceTree = "<group>"; };
		77AD6557EA1F38C224395F02 /* PartyUI.swift */ = {isa = PBXFileReference; lastKnownFileType = sourcecode.swift; path = lara/PartyUI/PartyUI.swift; sourceTree = "<group>"; };
		B655773A9808324ABA32830A /* AppInfo.swift */ = {isa = PBXFileReference; lastKnownFileType = sourcecode.swift; path = lara/PartyUI/App/AppInfo.swift; sourceTree = "<group>"; };
		EDA257FC47CB7CC685720C0E /* VariableBlur.swift */ = {isa = PBXFileReference; lastKnownFileType = sourcecode.swift; path = lara/PartyUI/App/Extensions/VariableBlur.swift; sourceTree = "<group>"; };
		551B1F2969CE4C189315A411 /* Alertinator.swift */ = {isa = PBXFileReference; lastKnownFileType = sourcecode.swift; path = lara/PartyUI/App/Functions/Alertinator.swift; sourceTree = "<group>"; };
		F29614977F3C5F02619B2B6A /* Exitinator.swift */ = {isa = PBXFileReference; lastKnownFileType = sourcecode.swift; path = lara/PartyUI/App/Functions/Exitinator.swift; sourceTree = "<group>"; };
		FC99194F9BED020BF921ED0D /* Hapticinator.swift */ = {isa = PBXFileReference; lastKnownFileType = sourcecode.swift; path = lara/PartyUI/App/Functions/Hapticinator.swift; sourceTree = "<group>"; };
		C1D17BAF26227FFB37DEA597 /* Shareinator.swift */ = {isa = PBXFileReference; lastKnownFileType = sourcecode.swift; path = lara/PartyUI/App/Functions/Shareinator.swift; sourceTree = "<group>"; };
		A59408649071595D8B0D1070 /* AppInfoCell.swift */ = {isa = PBXFileReference; lastKnownFileType = sourcecode.swift; path = lara/PartyUI/App/Settings/AppInfoCell.swift; sourceTree = "<group>"; };
		4E995D7F6AEB3A449DFC5686 /* GetLicenseDict.swift */ = {isa = PBXFileReference; lastKnownFileType = sourcecode.swift; path = lara/PartyUI/App/Settings/GetLicenseDict.swift; sourceTree = "<group>"; };
		2F55C82409802E7B76FA8D53 /* LicenseView.swift */ = {isa = PBXFileReference; lastKnownFileType = sourcecode.swift; path = lara/PartyUI/App/Settings/LicenseView.swift; sourceTree = "<group>"; };
		4D5C9D939D625857962CAED8 /* LinkCreditCell.swift */ = {isa = PBXFileReference; lastKnownFileType = sourcecode.swift; path = lara/PartyUI/App/Settings/LinkCreditCell.swift; sourceTree = "<group>"; };
		91996EE268831FE1258936E4 /* WelcomeSheetRow.swift */ = {isa = PBXFileReference; lastKnownFileType = sourcecode.swift; path = lara/PartyUI/App/WelcomeSheet/WelcomeSheetRow.swift; sourceTree = "<group>"; };
		8937B28B15EA6CFA43756757 /* WelcomeSheetView.swift */ = {isa = PBXFileReference; lastKnownFileType = sourcecode.swift; path = lara/PartyUI/App/WelcomeSheet/WelcomeSheetView.swift; sourceTree = "<group>"; };
		D00515B211CD780311265C7E /* DesignStyle.swift */ = {isa = PBXFileReference; lastKnownFileType = sourcecode.swift; path = lara/PartyUI/UI/DesignStyle.swift; sourceTree = "<group>"; };
		620F0B109837CA2C21D9B2CD /* ButtonLabel.swift */ = {isa = PBXFileReference; lastKnownFileType = sourcecode.swift; path = lara/PartyUI/UI/Buttons/ButtonLabel.swift; sourceTree = "<group>"; };
		C4C8FD54863BC820BA699236 /* FancyButtonStyle.swift */ = {isa = PBXFileReference; lastKnownFileType = sourcecode.swift; path = lara/PartyUI/UI/Buttons/FancyButtonStyle.swift; sourceTree = "<group>"; };
		5B28117EB05C451AD805434B /* NavigationLabel.swift */ = {isa = PBXFileReference; lastKnownFileType = sourcecode.swift; path = lara/PartyUI/UI/Buttons/NavigationLabel.swift; sourceTree = "<group>"; };
		D9A33A05C37A4308BF7FAD21 /* PrimaryButtonStyle.swift */ = {isa = PBXFileReference; lastKnownFileType = sourcecode.swift; path = lara/PartyUI/UI/Buttons/PrimaryButtonStyle.swift; sourceTree = "<group>"; };
		B6AAC4E3F1E9C8EF99C47C81 /* TinyButtonStyle.swift */ = {isa = PBXFileReference; lastKnownFileType = sourcecode.swift; path = lara/PartyUI/UI/Buttons/TinyButtonStyle.swift; sourceTree = "<group>"; };
		AAC9B6DA90ED077484B55E5B /* TranslucentButtonStyle.swift */ = {isa = PBXFileReference; lastKnownFileType = sourcecode.swift; path = lara/PartyUI/UI/Buttons/TranslucentButtonStyle.swift; sourceTree = "<group>"; };
		FBDA3E5254A0474F00394420 /* FadeAnimation.swift */ = {isa = PBXFileReference; lastKnownFileType = sourcecode.swift; path = lara/PartyUI/UI/Effects/FadeAnimation.swift; sourceTree = "<group>"; };
		3F097073AD76847AD3F40228 /* OverlayBackground.swift */ = {isa = PBXFileReference; lastKnownFileType = sourcecode.swift; path = lara/PartyUI/UI/Effects/OverlayBackground.swift; sourceTree = "<group>"; };
		5C4534B1B92C8C60EECA55C7 /* CompactAlert.swift */ = {isa = PBXFileReference; lastKnownFileType = sourcecode.swift; path = lara/PartyUI/UI/Indicators/CompactAlert.swift; sourceTree = "<group>"; };
		A3E508524FDD55A38C0E6812 /* InfoBadge.swift */ = {isa = PBXFileReference; lastKnownFileType = sourcecode.swift; path = lara/PartyUI/UI/Indicators/InfoBadge.swift; sourceTree = "<group>"; };
		FFF6B427145AAFE6017688AF /* PlainAlert.swift */ = {isa = PBXFileReference; lastKnownFileType = sourcecode.swift; path = lara/PartyUI/UI/Indicators/PlainAlert.swift; sourceTree = "<group>"; };
		395FFBE25AAB2A708773CF39 /* TinyInfoPlatter.swift */ = {isa = PBXFileReference; lastKnownFileType = sourcecode.swift; path = lara/PartyUI/UI/Indicators/TinyInfoPlatter.swift; sourceTree = "<group>"; };
		82721AC4D3E40F5C5981F23A /* PlainToggle.swift */ = {isa = PBXFileReference; lastKnownFileType = sourcecode.swift; path = lara/PartyUI/UI/Inputs/PlainToggle.swift; sourceTree = "<group>"; };
		2A8A38201BF9C9D563E72FDE /* PlatterToggle.swift */ = {isa = PBXFileReference; lastKnownFileType = sourcecode.swift; path = lara/PartyUI/UI/Inputs/PlatterToggle.swift; sourceTree = "<group>"; };
		33928C337D6D6B5F83D88220 /* TextFieldBackground.swift */ = {isa = PBXFileReference; lastKnownFileType = sourcecode.swift; path = lara/PartyUI/UI/Inputs/TextFieldBackground.swift; sourceTree = "<group>"; };
		4FADC63D1D901BCFF461AE8F /* TextFieldButton.swift */ = {isa = PBXFileReference; lastKnownFileType = sourcecode.swift; path = lara/PartyUI/UI/Inputs/TextFieldButton.swift; sourceTree = "<group>"; };
		0FEB9C68AFB2834DEAB9E482 /* HeaderDropdown.swift */ = {isa = PBXFileReference; lastKnownFileType = sourcecode.swift; path = lara/PartyUI/UI/Lists/HeaderDropdown.swift; sourceTree = "<group>"; };
		04778F60D615872F2C84CBD7 /* HeaderLabel.swift */ = {isa = PBXFileReference; lastKnownFileType = sourcecode.swift; path = lara/PartyUI/UI/Lists/HeaderLabel.swift; sourceTree = "<group>"; };
		8DA39D8EFED8A3CB7091A9C3 /* SectionPlatter.swift */ = {isa = PBXFileReference; lastKnownFileType = sourcecode.swift; path = lara/PartyUI/UI/Lists/SectionPlatter.swift; sourceTree = "<group>"; };
		890A2B327AE25B4DFCFCB9C0 /* ThemedHeaderLabel.swift */ = {isa = PBXFileReference; lastKnownFileType = sourcecode.swift; path = lara/PartyUI/UI/Lists/ThemedHeaderLabel.swift; sourceTree = "<group>"; };
		77584D0D0AACAB2401F195A4 /* TerminalHeader.swift */ = {isa = PBXFileReference; lastKnownFileType = sourcecode.swift; path = lara/PartyUI/UI/Terminal/TerminalHeader.swift; sourceTree = "<group>"; };
		9CF5899A9A7B40ECFDE77FD8 /* TerminalPlatter.swift */ = {isa = PBXFileReference; lastKnownFileType = sourcecode.swift; path = lara/PartyUI/UI/Terminal/TerminalPlatter.swift; sourceTree = "<group>"; };
		A03D92FC4099CFF2D20B8600 /* AppContext.swift */ = {isa = PBXFileReference; lastKnownFileType = sourcecode.swift; path = lara/classes/AppContext.swift; sourceTree = "<group>"; };
		B8AC5C5A4A25BCD9CEE99A42 /* CommandLogger.swift */ = {isa = PBXFileReference; lastKnownFileType = sourcecode.swift; path = lara/classes/CommandLogger.swift; sourceTree = "<group>"; };
		FEFF65E087288BE3F6E44013 /* CommandResult.swift */ = {isa = PBXFileReference; lastKnownFileType = sourcecode.swift; path = lara/classes/CommandResult.swift; sourceTree = "<group>"; };
		FF42CEB51EB9FEA0F619D74E /* HotPlugin.swift */ = {isa = PBXFileReference; lastKnownFileType = sourcecode.swift; path = lara/classes/HotPlugin.swift; sourceTree = "<group>"; };
		82DCAB3AA6F0B66A46FB0D27 /* HotPluginManager.swift */ = {isa = PBXFileReference; lastKnownFileType = sourcecode.swift; path = lara/classes/HotPluginManager.swift; sourceTree = "<group>"; };
		E59C3875A234E4F3D2924D1D /* KernelScanner.swift */ = {isa = PBXFileReference; lastKnownFileType = sourcecode.swift; path = lara/classes/KernelScanner.swift; sourceTree = "<group>"; };
		E7289337A741894F80333C08 /* Logger.swift */ = {isa = PBXFileReference; lastKnownFileType = sourcecode.swift; path = lara/classes/Logger.swift; sourceTree = "<group>"; };
		BCE5BEE456579D0798456BC6 /* OmegaBootstrap.swift */ = {isa = PBXFileReference; lastKnownFileType = sourcecode.swift; path = lara/classes/OmegaBootstrap.swift; sourceTree = "<group>"; };
		1CFD52B2D39D2AB0631DF599 /* OmegaBus.swift */ = {isa = PBXFileReference; lastKnownFileType = sourcecode.swift; path = lara/classes/OmegaBus.swift; sourceTree = "<group>"; };
		B68E3D68AA10BC030A57CB26 /* OmegaCore.swift */ = {isa = PBXFileReference; lastKnownFileType = sourcecode.swift; path = lara/classes/OmegaCore.swift; sourceTree = "<group>"; };
		6F2194B4DEC13AB30CACC9BF /* OmegaExtendedA.swift */ = {isa = PBXFileReference; lastKnownFileType = sourcecode.swift; path = lara/classes/OmegaExtendedA.swift; sourceTree = "<group>"; };
		C973C384E6E947BD892351CA /* OmegaExtendedB.swift */ = {isa = PBXFileReference; lastKnownFileType = sourcecode.swift; path = lara/classes/OmegaExtendedB.swift; sourceTree = "<group>"; };
		76CB277556F45840D384621D /* OmegaExtendedC.swift */ = {isa = PBXFileReference; lastKnownFileType = sourcecode.swift; path = lara/classes/OmegaExtendedC.swift; sourceTree = "<group>"; };
		428832808E521894755AF1BD /* OmegaExtendedD.swift */ = {isa = PBXFileReference; lastKnownFileType = sourcecode.swift; path = lara/classes/OmegaExtendedD.swift; sourceTree = "<group>"; };
		D89A65C1A48AAB310DC1EC71 /* OmegaExtendedE.swift */ = {isa = PBXFileReference; lastKnownFileType = sourcecode.swift; path = lara/classes/OmegaExtendedE.swift; sourceTree = "<group>"; };
		FF00EE11DD22CC33BB44AA55 /* OmegaExtendedF.swift */ = {isa = PBXFileReference; lastKnownFileType = sourcecode.swift; path = lara/classes/OmegaExtendedF.swift; sourceTree = "<group>"; };
		FF11EE22DD33CC44BB55AA66 /* OmegaExtendedG.swift */ = {isa = PBXFileReference; lastKnownFileType = sourcecode.swift; path = lara/classes/OmegaExtendedG.swift; sourceTree = "<group>"; };
		8AD1835EDF551AE3335C8C26 /* OmegaFS.swift */ = {isa = PBXFileReference; lastKnownFileType = sourcecode.swift; path = lara/classes/OmegaFS.swift; sourceTree = "<group>"; };
		BE5BB0839286C029A560F44F /* OmegaPlugin.swift */ = {isa = PBXFileReference; lastKnownFileType = sourcecode.swift; path = lara/classes/OmegaPlugin.swift; sourceTree = "<group>"; };
		6F8128BD38A0A635F6832F55 /* OmegaRouter.swift */ = {isa = PBXFileReference; lastKnownFileType = sourcecode.swift; path = lara/classes/OmegaRouter.swift; sourceTree = "<group>"; };
		04673D1D9EDDA27C14CBBA27 /* OmegaValidator.swift */ = {isa = PBXFileReference; lastKnownFileType = sourcecode.swift; path = lara/classes/OmegaValidator.swift; sourceTree = "<group>"; };
		5E0CF6BBDBA9EC423BD9D39E /* PluginManager.swift */ = {isa = PBXFileReference; lastKnownFileType = sourcecode.swift; path = lara/classes/PluginManager.swift; sourceTree = "<group>"; };
		024F1B5266E9264D097F1A13 /* ProcessLayer.swift */ = {isa = PBXFileReference; lastKnownFileType = sourcecode.swift; path = lara/classes/ProcessLayer.swift; sourceTree = "<group>"; };
		9370511F8A1775A618C84AED /* TerminalHistory.swift */ = {isa = PBXFileReference; lastKnownFileType = sourcecode.swift; path = lara/classes/TerminalHistory.swift; sourceTree = "<group>"; };
		E4147C1DA1001D5C6D684EAC /* laramgr.swift */ = {isa = PBXFileReference; lastKnownFileType = sourcecode.swift; path = lara/classes/laramgr.swift; sourceTree = "<group>"; };
		93A98281B26FD8D08DCB4D15 /* zipmgr.swift */ = {isa = PBXFileReference; lastKnownFileType = sourcecode.swift; path = lara/classes/zipmgr.swift; sourceTree = "<group>"; };
		D30D65E67F9D48DFC9ABAA0E /* IconThemeGalleryManager.swift */ = {isa = PBXFileReference; lastKnownFileType = sourcecode.swift; path = lara/classes/tweaks/darkboard/IconThemeGalleryManager.swift; sourceTree = "<group>"; };
		1A64752EE80B33C233212028 /* IconThemeManager.swift */ = {isa = PBXFileReference; lastKnownFileType = sourcecode.swift; path = lara/classes/tweaks/darkboard/IconThemeManager.swift; sourceTree = "<group>"; };
		E6A50D42752F2BDE1262B8EB /* PasscodeGalleryManager.swift */ = {isa = PBXFileReference; lastKnownFileType = sourcecode.swift; path = lara/classes/tweaks/passcode/PasscodeGalleryManager.swift; sourceTree = "<group>"; };
		1651DF773DFAB8734CA9A5FA /* fetchkcache.swift */ = {isa = PBXFileReference; lastKnownFileType = sourcecode.swift; path = lara/funcs/fetchkcache.swift; sourceTree = "<group>"; };
		A722BB474B2FB2D28A86918E /* getbmhash.swift */ = {isa = PBXFileReference; lastKnownFileType = sourcecode.swift; path = lara/funcs/getbmhash.swift; sourceTree = "<group>"; };
		9FD1CD8A987E63DC7D267586 /* helpers.swift */ = {isa = PBXFileReference; lastKnownFileType = sourcecode.swift; path = lara/funcs/helpers.swift; sourceTree = "<group>"; };
		6A071C35159E8E82EEA8CC6F /* isdebugged.swift */ = {isa = PBXFileReference; lastKnownFileType = sourcecode.swift; path = lara/funcs/isdebugged.swift; sourceTree = "<group>"; };
		B704A38BCCE23116DD129619 /* islcinstalled.swift */ = {isa = PBXFileReference; lastKnownFileType = sourcecode.swift; path = lara/funcs/islcinstalled.swift; sourceTree = "<group>"; };
		B1BEBC35AAA48EECE9808D3C /* isunsupported.swift */ = {isa = PBXFileReference; lastKnownFileType = sourcecode.swift; path = lara/funcs/isunsupported.swift; sourceTree = "<group>"; };
		40B8B642C6319C24C068E69A /* keepalive.swift */ = {isa = PBXFileReference; lastKnownFileType = sourcecode.swift; path = lara/funcs/keepalive.swift; sourceTree = "<group>"; };
		5D9AFA4E66AAD95005D2B572 /* resizetoapprox.swift */ = {isa = PBXFileReference; lastKnownFileType = sourcecode.swift; path = lara/funcs/resizetoapprox.swift; sourceTree = "<group>"; };
		4151127733F3B3DFD195688D /* EchoPlugin.swift */ = {isa = PBXFileReference; lastKnownFileType = sourcecode.swift; path = lara/plugins/EchoPlugin.swift; sourceTree = "<group>"; };
		40868535CCB69DA8538BAE37 /* StatusPlugin.swift */ = {isa = PBXFileReference; lastKnownFileType = sourcecode.swift; path = lara/plugins/StatusPlugin.swift; sourceTree = "<group>"; };
		38F3ED5ED7860E72B1D4BFCE /* ContentView.swift */ = {isa = PBXFileReference; lastKnownFileType = sourcecode.swift; path = lara/views/app/ContentView.swift; sourceTree = "<group>"; };
		5DDFEC66E5A4E88C5AEDE29C /* LogsView.swift */ = {isa = PBXFileReference; lastKnownFileType = sourcecode.swift; path = lara/views/app/LogsView.swift; sourceTree = "<group>"; };
		56FAE78C163245DBAD61628D /* TerminalView.swift */ = {isa = PBXFileReference; lastKnownFileType = sourcecode.swift; path = lara/views/app/TerminalView.swift; sourceTree = "<group>"; };
		7931E79A7AB76F7E1689BF80 /* CreditsView.swift */ = {isa = PBXFileReference; lastKnownFileType = sourcecode.swift; path = lara/views/app/settings/CreditsView.swift; sourceTree = "<group>"; };
		128519107732AA4031F795E1 /* OffsetManagementView.swift */ = {isa = PBXFileReference; lastKnownFileType = sourcecode.swift; path = lara/views/app/settings/OffsetManagementView.swift; sourceTree = "<group>"; };
		8972B9A4A510EA0C25051558 /* SettingsView.swift */ = {isa = PBXFileReference; lastKnownFileType = sourcecode.swift; path = lara/views/app/settings/SettingsView.swift; sourceTree = "<group>"; };
		F6D7F30CD769E2A03F291DF6 /* DirectoryView.swift */ = {isa = PBXFileReference; lastKnownFileType = sourcecode.swift; path = lara/views/fm/DirectoryView.swift; sourceTree = "<group>"; };
		B321A544D69877082E383C6F /* FileInfoSheet.swift */ = {isa = PBXFileReference; lastKnownFileType = sourcecode.swift; path = lara/views/fm/FileInfoSheet.swift; sourceTree = "<group>"; };
		B5A0D65C07D50B28E42162D6 /* FileSystemHelpers.swift */ = {isa = PBXFileReference; lastKnownFileType = sourcecode.swift; path = lara/views/fm/FileSystemHelpers.swift; sourceTree = "<group>"; };
		0903C3DD27D92843D0CB176A /* FileView.swift */ = {isa = PBXFileReference; lastKnownFileType = sourcecode.swift; path = lara/views/fm/FileView.swift; sourceTree = "<group>"; };
		B38F9493AA9ACB51D6F9CAAC /* SantanderView.swift */ = {isa = PBXFileReference; lastKnownFileType = sourcecode.swift; path = lara/views/fm/SantanderView.swift; sourceTree = "<group>"; };
		E9835E784C98428F352A49F4 /* respring.swift */ = {isa = PBXFileReference; lastKnownFileType = sourcecode.swift; path = lara/views/other/respring.swift; sourceTree = "<group>"; };
		177AC3659BDF786E4B93E71A /* AppsView.swift */ = {isa = PBXFileReference; lastKnownFileType = sourcecode.swift; path = lara/views/tweaks/AppsView.swift; sourceTree = "<group>"; };
		0FAE2351F06A9E7AE520DA4E /* CardView.swift */ = {isa = PBXFileReference; lastKnownFileType = sourcecode.swift; path = lara/views/tweaks/CardView.swift; sourceTree = "<group>"; };
		2E892911A80FAC740BE27ED8 /* CustomView.swift */ = {isa = PBXFileReference; lastKnownFileType = sourcecode.swift; path = lara/views/tweaks/CustomView.swift; sourceTree = "<group>"; };
		CFD29A0458A5FAD53F3EA0F3 /* DecryptView.swift */ = {isa = PBXFileReference; lastKnownFileType = sourcecode.swift; path = lara/views/tweaks/DecryptView.swift; sourceTree = "<group>"; };
		3911361C77BC8563E3FBCEB3 /* FontPicker.swift */ = {isa = PBXFileReference; lastKnownFileType = sourcecode.swift; path = lara/views/tweaks/FontPicker.swift; sourceTree = "<group>"; };
		FA3D0CCE72A08E5CF9D5EDC5 /* IPAInstallerView.swift */ = {isa = PBXFileReference; lastKnownFileType = sourcecode.swift; path = lara/views/tweaks/IPAInstallerView.swift; sourceTree = "<group>"; };
		ACA357A3F94CE96ED0DBCE77 /* JitView.swift */ = {isa = PBXFileReference; lastKnownFileType = sourcecode.swift; path = lara/views/tweaks/JitView.swift; sourceTree = "<group>"; };
		99C36B4E9697C1BB48C86E02 /* OTAView.swift */ = {isa = PBXFileReference; lastKnownFileType = sourcecode.swift; path = lara/views/tweaks/OTAView.swift; sourceTree = "<group>"; };
		0D8554537715AC6C32F5F375 /* RemoteView.swift */ = {isa = PBXFileReference; lastKnownFileType = sourcecode.swift; path = lara/views/tweaks/RemoteView.swift; sourceTree = "<group>"; };
		945FB546FF2C5640CEDD2192 /* ScreenTimeView.swift */ = {isa = PBXFileReference; lastKnownFileType = sourcecode.swift; path = lara/views/tweaks/ScreenTimeView.swift; sourceTree = "<group>"; };
		55889D90F11031D6BF80706A /* SystemColor.swift */ = {isa = PBXFileReference; lastKnownFileType = sourcecode.swift; path = lara/views/tweaks/SystemColor.swift; sourceTree = "<group>"; };
		955DC3E793FC618B31CBBF3D /* ToolsView.swift */ = {isa = PBXFileReference; lastKnownFileType = sourcecode.swift; path = lara/views/tweaks/ToolsView.swift; sourceTree = "<group>"; };
		6CAFF9CDB4A2D77E7AE7C798 /* TweaksView.swift */ = {isa = PBXFileReference; lastKnownFileType = sourcecode.swift; path = lara/views/tweaks/TweaksView.swift; sourceTree = "<group>"; };
		4CF9D4C3D9904A0321B5ED31 /* VarCleanView.swift */ = {isa = PBXFileReference; lastKnownFileType = sourcecode.swift; path = lara/views/tweaks/VarCleanView.swift; sourceTree = "<group>"; };
		0FE98CDA75E73D6D7428B7F4 /* WhitelistView.swift */ = {isa = PBXFileReference; lastKnownFileType = sourcecode.swift; path = lara/views/tweaks/WhitelistView.swift; sourceTree = "<group>"; };
		EE35554B2CF1380ADD404A50 /* CCView.swift */ = {isa = PBXFileReference; lastKnownFileType = sourcecode.swift; path = lara/views/tweaks/broken/CCView.swift; sourceTree = "<group>"; };
		AD419BC07B61A511797BEE0D /* DarkBoardExploreView.swift */ = {isa = PBXFileReference; lastKnownFileType = sourcecode.swift; path = lara/views/tweaks/broken/darkboard/DarkBoardExploreView.swift; sourceTree = "<group>"; };
		4776BC0953631E35C6C0F5BE /* DarkBoardView.swift */ = {isa = PBXFileReference; lastKnownFileType = sourcecode.swift; path = lara/views/tweaks/broken/darkboard/DarkBoardView.swift; sourceTree = "<group>"; };
		100F9C2C9F6B9C51876657B2 /* dirtyZeroTweakArray.swift */ = {isa = PBXFileReference; lastKnownFileType = sourcecode.swift; path = lara/views/tweaks/dirtyZero/dirtyZeroTweakArray.swift; sourceTree = "<group>"; };
		305CA19E03CD9FB6FE6BA2BD /* dirtyZeroView.swift */ = {isa = PBXFileReference; lastKnownFileType = sourcecode.swift; path = lara/views/tweaks/dirtyZero/dirtyZeroView.swift; sourceTree = "<group>"; };
		97CF54DA69D5F7733F9595C9 /* LiquidGlassPreview.swift */ = {isa = PBXFileReference; lastKnownFileType = sourcecode.swift; path = lara/views/tweaks/liquidglass/LiquidGlassPreview.swift; sourceTree = "<group>"; };
		3DD57EFCC6EDB49D17710DDF /* LiquidGlassView.swift */ = {isa = PBXFileReference; lastKnownFileType = sourcecode.swift; path = lara/views/tweaks/liquidglass/LiquidGlassView.swift; sourceTree = "<group>"; };
		020405F84F198C999CF58747 /* GestaltFileView.swift */ = {isa = PBXFileReference; lastKnownFileType = sourcecode.swift; path = lara/views/tweaks/mobilegestalt/GestaltFileView.swift; sourceTree = "<group>"; };
		155F9D62E0BB9E599AD4AF3E /* GestaltView.swift */ = {isa = PBXFileReference; lastKnownFileType = sourcecode.swift; path = lara/views/tweaks/mobilegestalt/GestaltView.swift; sourceTree = "<group>"; };
		B5A0E78580DBFF1BE729AD60 /* PasscodeExploreView.swift */ = {isa = PBXFileReference; lastKnownFileType = sourcecode.swift; path = lara/views/tweaks/passcode/PasscodeExploreView.swift; sourceTree = "<group>"; };
		05EFE94A7EA7A248C37342A9 /* PasscodeRepoView.swift */ = {isa = PBXFileReference; lastKnownFileType = sourcecode.swift; path = lara/views/tweaks/passcode/PasscodeRepoView.swift; sourceTree = "<group>"; };
		F3B17D495C064680186D0F6D /* PasscodeView.swift */ = {isa = PBXFileReference; lastKnownFileType = sourcecode.swift; path = lara/views/tweaks/passcode/PasscodeView.swift; sourceTree = "<group>"; };
		84A2D6C37A1068E61CCA5ED1 /* SBCustomizerHandler.swift */ = {isa = PBXFileReference; lastKnownFileType = sourcecode.swift; path = lara/views/tweaks/sbcustomizer/SBCustomizerHandler.swift; sourceTree = "<group>"; };
		3FF5DE0D16794B83EBDC8E75 /* SpringBoardView.swift */ = {isa = PBXFileReference; lastKnownFileType = sourcecode.swift; path = lara/views/tweaks/sbcustomizer/SpringBoardView.swift; sourceTree = "<group>"; };
		PL00000001000000000000001 /* ProcLinkEngine.swift */ = {isa = PBXFileReference; lastKnownFileType = sourcecode.swift; path = lara/classes/ProcLinkEngine.swift; sourceTree = "<group>"; };
/* End PBXFileReference section */

/* Begin PBXFileSystemSynchronizedBuildFileExceptionSet section */
		CC70C4A12F78D4C10052726B /* Exceptions for "lara" folder in "lara" target */ = {
			isa = PBXFileSystemSynchronizedBuildFileExceptionSet;
			membershipExceptions = (
				Info.plist,
			);
			target = CC1C8B382F71DF9C00206982 /* lara */;
		};
/* End PBXFileSystemSynchronizedBuildFileExceptionSet section */

/* Begin PBXFileSystemSynchronizedRootGroup section */
		CC1C8B3B2F71DF9C00206982 /* lara */ = {
			isa = PBXFileSystemSynchronizedRootGroup;
			exceptions = (
				CC70C4A12F78D4C10052726B /* Exceptions for "lara" folder in "lara" target */,
			);
			path = lara;
			sourceTree = "<group>";
		};
/* End PBXFileSystemSynchronizedRootGroup section */

/* Begin PBXFrameworksBuildPhase section */
		CC1C8B362F71DF9C00206982 /* Frameworks */ = {
			isa = PBXFrameworksBuildPhase;
			buildActionMask = 2147483647;
			files = (
				F75DD90ACC925A1E8E33C26C /* lara.swift in Sources */,
				C336E3979CC2C7F8A94D6AF1 /* PartyUI.swift in Sources */,
				C2858ED0B081F8AE3766D2E9 /* AppInfo.swift in Sources */,
				E66C9E83A962BD601DC9A45B /* VariableBlur.swift in Sources */,
				16A22C8513C12FA7287FFF3D /* Alertinator.swift in Sources */,
				A1A489324EECFC2C14286B1F /* Exitinator.swift in Sources */,
				F49932979ABF1D4ED4A0AC5F /* Hapticinator.swift in Sources */,
				18D5DFF22131DCC6C74079B6 /* Shareinator.swift in Sources */,
				13040154CC3AD232872123C7 /* AppInfoCell.swift in Sources */,
				970535CE5A52D1FF5FB41228 /* GetLicenseDict.swift in Sources */,
				AE2C05E08C6CAF8BB4221FA6 /* LicenseView.swift in Sources */,
				11E4FBC57698685B9C373266 /* LinkCreditCell.swift in Sources */,
				8404FBEA58D62E9F837AC3B3 /* WelcomeSheetRow.swift in Sources */,
				3C52575B35033304AEDEE2D2 /* WelcomeSheetView.swift in Sources */,
				EBAA1004B067253BD11072F2 /* DesignStyle.swift in Sources */,
				250B4805A28E3C1386BED9FC /* ButtonLabel.swift in Sources */,
				82D0EFA81A7DF3F2126D86BA /* FancyButtonStyle.swift in Sources */,
				ACF3BC80C6BC51FCFE836F84 /* NavigationLabel.swift in Sources */,
				05DF35E9115262318EB0ADAD /* PrimaryButtonStyle.swift in Sources */,
				C2E88D7B9FFC73920CB9280B /* TinyButtonStyle.swift in Sources */,
				C385FCD0C3F7E413F33C2C8B /* TranslucentButtonStyle.swift in Sources */,
				51141D5A2CEAFB6B6E25CBA4 /* FadeAnimation.swift in Sources */,
				020B5E04BBC53F5A29A32244 /* OverlayBackground.swift in Sources */,
				E9332A5BAACA579DA00CDF75 /* CompactAlert.swift in Sources */,
				7A87F6FCD9BA2AF758661A65 /* InfoBadge.swift in Sources */,
				A310F66C3A5EAAAF89AD00AA /* PlainAlert.swift in Sources */,
				342FD58F32A171753DAD9EC5 /* TinyInfoPlatter.swift in Sources */,
				5BB013B946DC583B164AB45D /* PlainToggle.swift in Sources */,
				6CAB2E8179E908BC764AA623 /* PlatterToggle.swift in Sources */,
				6A1D4F7C9EB1EF2FA2BAE491 /* TextFieldBackground.swift in Sources */,
				281BDB3F762CAFD6D1EC0B0B /* TextFieldButton.swift in Sources */,
				0A8208BFDC8A3732DCB00295 /* HeaderDropdown.swift in Sources */,
				4E1F9AAFFB101897004C955D /* HeaderLabel.swift in Sources */,
				6D8657DA1467B03D6C6E8130 /* SectionPlatter.swift in Sources */,
				E0746B8FC83A9B3A3CE1F256 /* ThemedHeaderLabel.swift in Sources */,
				C6D6DAC23FE684FE474A32BB /* TerminalHeader.swift in Sources */,
				A081CF5B6551B3F0277F1913 /* TerminalPlatter.swift in Sources */,
				F6BE6560D16DCF958942009B /* AppContext.swift in Sources */,
				C2B06E1E8BF8ECF277B4C7AA /* CommandLogger.swift in Sources */,
				950854E730EB4C10CA4BD111 /* CommandResult.swift in Sources */,
				444E97390AED60000C7D460D /* HotPlugin.swift in Sources */,
				4F58A200F2B4BA116F686184 /* HotPluginManager.swift in Sources */,
				6DC8D5FE987FE7D343D97E58 /* KernelScanner.swift in Sources */,
				60FF76FBBB440F7C955391F1 /* Logger.swift in Sources */,
				B23A7D56D6521582A6ABBCD3 /* OmegaBootstrap.swift in Sources */,
				29A9D5F0DDB72CBFC3635659 /* OmegaBus.swift in Sources */,
				5712B55D4BE65A6E598DB845 /* OmegaCore.swift in Sources */,
				36E889C8CECD5DC05FFF8D8E /* OmegaExtendedA.swift in Sources */,
				DAAE0A506E6C393C9E7F20C4 /* OmegaExtendedB.swift in Sources */,
				CDF80E3F8C1CCDF374A1C3AF /* OmegaExtendedC.swift in Sources */,
				FD585332D6DADD2332C9C09D /* OmegaExtendedD.swift in Sources */,
				3A2E1DECB0A299B32ACF33F4 /* OmegaExtendedE.swift in Sources */,
				AA00BB11CC22DD33EE44FF55 /* OmegaExtendedF.swift in Sources */,
				AA11BB22CC33DD44EE55FF66 /* OmegaExtendedG.swift in Sources */,
					BB00CC11DD22EE33FF44AA55 /* tools_system.m in Sources */,
					CC11DD22EE33FF44AA55BB66 /* OmegaCrashBarrier.m in Sources */,
				PL00000002000000000000002 /* ProcLinkEngine.swift in Sources */,
				7C45CD1949D93C9A24476790 /* OmegaFS.swift in Sources */,
				CB8B58ED5D3655D81E616D02 /* OmegaPlugin.swift in Sources */,
				7AE7E8B83FE608B520890BA7 /* OmegaRouter.swift in Sources */,
				B27D3D0A4FA80DA3A0AF8427 /* OmegaValidator.swift in Sources */,
				2D2F79E3B0F0C42B1DC7CE14 /* PluginManager.swift in Sources */,
				CC7BD2D25125666C58A3B493 /* ProcessLayer.swift in Sources */,
				D898E08C88AD353B1C2905A2 /* TerminalHistory.swift in Sources */,
				9DDB0DA80C14B78A5DB12E90 /* laramgr.swift in Sources */,
				5FE6E5DA11FFE78D1A1CE119 /* zipmgr.swift in Sources */,
				AE5089B3646AD560BC08BAC3 /* IconThemeGalleryManager.swift in Sources */,
				0C8B28FDEC0B0F5E9939529C /* IconThemeManager.swift in Sources */,
				CA576921AB173CF8E6246BB5 /* PasscodeGalleryManager.swift in Sources */,
				6FC44A975B7793270D9F7DCC /* fetchkcache.swift in Sources */,
				870C3797E7A6D39263AD81FD /* getbmhash.swift in Sources */,
				2383F7216A5AB5014438A02A /* helpers.swift in Sources */,
				813796FF84DDCAE182A774ED /* isdebugged.swift in Sources */,
				E2E5835495D7CB7CA96DB159 /* islcinstalled.swift in Sources */,
				15E71F0D58EDEE7A19343D8E /* isunsupported.swift in Sources */,
				BFF62513516B96F49194BEF2 /* keepalive.swift in Sources */,
				E0FA4844DC8BD30BFFC6D5EB /* resizetoapprox.swift in Sources */,
				ED1898DE3750DE7F55912E24 /* EchoPlugin.swift in Sources */,
				34A4BF36D29A2A633971EC0C /* StatusPlugin.swift in Sources */,
				3A08A5AFE15B6D0504B2260D /* ContentView.swift in Sources */,
				3BCCE900A2139F464B15B4CA /* LogsView.swift in Sources */,
				9C903685EBF73F380C7AA54A /* TerminalView.swift in Sources */,
				8911D2EA603C4A617A5E4290 /* CreditsView.swift in Sources */,
				B0442F46FFBADFECDB6D1B56 /* OffsetManagementView.swift in Sources */,
				56075F2D9C7A9EB33174ED9D /* SettingsView.swift in Sources */,
				2FCEB9A7AC885BC7324B3FCF /* DirectoryView.swift in Sources */,
				990FDB35E765AC84B64E7556 /* FileInfoSheet.swift in Sources */,
				375DC474D6E091ACF5A0F741 /* FileSystemHelpers.swift in Sources */,
				50B515B3D533FDE958B44888 /* FileView.swift in Sources */,
				B443BA162D4D841FD90C8267 /* SantanderView.swift in Sources */,
				8145B4BA0FB427FBAFCE10CC /* respring.swift in Sources */,
				379A70E38F06E81093C36626 /* AppsView.swift in Sources */,
				F6C0ADA822BC02BD0FF69D3C /* CardView.swift in Sources */,
				A4061D609030D7D398008801 /* CustomView.swift in Sources */,
				31CC3C82C568C90676047425 /* DecryptView.swift in Sources */,
				C4B17607FDEA329796DFABF9 /* FontPicker.swift in Sources */,
				9A793B66F7390A468E4E012A /* IPAInstallerView.swift in Sources */,
				3BECDF9C5CEF1DD0A4D3DC00 /* JitView.swift in Sources */,
				A57CE4DDDC94D95705A6B815 /* OTAView.swift in Sources */,
				81A373562C120AB50C42820D /* RemoteView.swift in Sources */,
				C6E86A91BD43EB4A9D2F6AEE /* ScreenTimeView.swift in Sources */,
				BFF515DAE6B19F30F24D9951 /* SystemColor.swift in Sources */,
				3732BE210C2ADBA6808CA1A7 /* ToolsView.swift in Sources */,
				C7A667D2F5F64F9EDD924A88 /* TweaksView.swift in Sources */,
				1ACDB4734341EFF5B53338F1 /* VarCleanView.swift in Sources */,
				B89DE93B911D9A41BB696037 /* WhitelistView.swift in Sources */,
				24B6F6BC7827AED203DEC772 /* CCView.swift in Sources */,
				88D90A0222197FB35F12DDD3 /* DarkBoardExploreView.swift in Sources */,
				E3E414CD627513BABD034F63 /* DarkBoardView.swift in Sources */,
				CFC1ACE9303A80B0CFD90FDC /* dirtyZeroTweakArray.swift in Sources */,
				FF2FDBFD31987C713A895616 /* dirtyZeroView.swift in Sources */,
				F06D05427A40A823D4D20372 /* LiquidGlassPreview.swift in Sources */,
				0B64702478ED54017C832125 /* LiquidGlassView.swift in Sources */,
				076A96DD7D437C1CF62FD2B0 /* GestaltFileView.swift in Sources */,
				61A34C89B64F0D824BECB4FD /* GestaltView.swift in Sources */,
				F0905768E99529014103B517 /* PasscodeExploreView.swift in Sources */,
				5F6EC5F32FF380F58404B8CA /* PasscodeRepoView.swift in Sources */,
				261598E345362190030A8906 /* PasscodeView.swift in Sources */,
				C199649A51BDF1058CED27F3 /* SBCustomizerHandler.swift in Sources */,
				76C96635B8F154FEA91B2CB5 /* SpringBoardView.swift in Sources */,
			);
			runOnlyForDeploymentPostprocessing = 0;
		};
/* End PBXFrameworksBuildPhase section */

/* Begin PBXGroup section */
		15F023F42FBB9510004BD090 /* Dock */ = {
			isa = PBXGroup;
			children = (
				15F023F22FBB9510004BD090 /* dockDark.materialrecipe */,
				15F023F32FBB9510004BD090 /* dockLight.materialrecipe */,
			);
			path = Dock;
			sourceTree = "<group>";
		};
		15F023F72FBB9510004BD090 /* Folder */ = {
			isa = PBXGroup;
			children = (
				15F023F52FBB9510004BD090 /* folderDark.materialrecipe */,
				15F023F62FBB9510004BD090 /* folderLight.materialrecipe */,
			);
			path = Folder;
			sourceTree = "<group>";
		};
		15F023FB2FBB9510004BD090 /* FolderBG */ = {
			isa = PBXGroup;
			children = (
				15F023F82FBB9510004BD090 /* folderExpandedBackgroundHome.materialrecipe */,
				15F023F92FBB9510004BD090 /* homeScreenOverlay-iPad.materialrecipe */,
				15F023FA2FBB9510004BD090 /* homeScreenOverlay.materialrecipe */,
			);
			path = FolderBG;
			sourceTree = "<group>";
		};
		15F023FE2FBB9510004BD090 /* LibraryFolder */ = {
			isa = PBXGroup;
			children = (
				15F023FC2FBB9510004BD090 /* podBackgroundViewDark.visualstyleset */,
				15F023FD2FBB9510004BD090 /* podBackgroundViewLight.visualstyleset */,
			);
			path = LibraryFolder;
			sourceTree = "<group>";
		};
		15F024012FBB9510004BD090 /* Module */ = {
			isa = PBXGroup;
			children = (
				15F023FF2FBB9510004BD090 /* modules.materialrecipe */,
				15F024002FBB9510004BD090 /* modulesBackground.materialrecipe */,
			);
			path = Module;
			sourceTree = "<group>";
		};
		15F024042FBB9510004BD090 /* Notif */ = {
			isa = PBXGroup;
			children = (
				15F024022FBB9510004BD090 /* platters.materialrecipe */,
				15F024032FBB9510004BD090 /* plattersDark.materialrecipe */,
			);
			path = Notif;
			sourceTree = "<group>";
		};
		15F024072FBB9510004BD090 /* NotifShadow */ = {
			isa = PBXGroup;
			children = (
				15F024052FBB9510004BD090 /* platterVibrantShadowDark.visualstyleset */,
				15F024062FBB9510004BD090 /* platterVibrantShadowLight.visualstyleset */,
			);
			path = NotifShadow;
			sourceTree = "<group>";
		};
		15F024082FBB9510004BD090 /* BackupFiles */ = {
			isa = PBXGroup;
			children = (
				15F023F02FBB9510004BD090 /* HomeBarAssets.car */,
				15F023F12FBB9510004BD090 /* homeScreenBackdrop-application.materialrecipe */,
				15F023F42FBB9510004BD090 /* Dock */,
				15F023F72FBB9510004BD090 /* Folder */,
				15F023FB2FBB9510004BD090 /* FolderBG */,
				15F023FE2FBB9510004BD090 /* LibraryFolder */,
				15F024012FBB9510004BD090 /* Module */,
				15F024042FBB9510004BD090 /* Notif */,
				15F024072FBB9510004BD090 /* NotifShadow */,
			);
			path = BackupFiles;
			sourceTree = "<group>";
		};
		15F0240A2FBB9510004BD090 /* SpringboardFiles */ = {
			isa = PBXGroup;
			children = (
				15F024082FBB9510004BD090 /* BackupFiles */,
				15F024092FBB9510004BD090 /* replacement.materialrecipe */,
			);
			path = SpringboardFiles;
			sourceTree = "<group>";
		};
		15F0240B2FBB9510004BD090 /* OverwriteFiles */ = {
			isa = PBXGroup;
			children = (
				15F0240A2FBB9510004BD090 /* SpringboardFiles */,
			);
			path = OverwriteFiles;
			sourceTree = "<group>";
		};
		CC1C8B302F71DF9C00206982 = {
			isa = PBXGroup;
			children = (
				15F0240B2FBB9510004BD090 /* OverwriteFiles */,
				CC1C8B3B2F71DF9C00206982 /* lara */,
				CC1C8B3A2F71DF9C00206982 /* Products */,
				CC1C8B822F72C8E000206982 /* Recovered References */,
				CC6842DE2F8311C300B08EB0 /* Frameworks */,
			);
			sourceTree = "<group>";
		};
		CC1C8B3A2F71DF9C00206982 /* Products */ = {
			isa = PBXGroup;
			children = (
				CC1C8B392F71DF9C00206982 /* lara.app */,
			);
			name = Products;
			sourceTree = "<group>";
		};
		CC1C8B822F72C8E000206982 /* Recovered References */ = {
			isa = PBXGroup;
			children = (
				8F5C1F9B2D6A4E9D9F4B1A21 /* lara/kexploit/darksword.m */,
				A1B2C3D4E5F60001A1B2C3D4 /* lara/kexploit/ota.m */,
				A1B2C3D4E5F60002A1B2C3D4 /* lara/kexploit/ota.h */,
				A1B2C3D4E5F60003A1B2C3D4 /* lara/kexploit/screentime.m */,
				A1B2C3D4E5F60004A1B2C3D4 /* lara/kexploit/screentime.h */,
				9F4A1D2E3C4E567890123456 /* lara/lib/libxpf.dylib */,
				9F4A1D413C4E567890123456 /* lara/lib/libgrabkernel2.dylib */,
			);
			name = "Recovered References";
			sourceTree = "<group>";
		};
		CC6842DE2F8311C300B08EB0 /* Frameworks */ = {
			isa = PBXGroup;
			children = (
				CC6842DF2F8311C300B08EB0 /* libSystem.B.tbd */,
			);
			name = Frameworks;
			sourceTree = "<group>";
		};
/* End PBXGroup section */

/* Begin PBXNativeTarget section */
		CC1C8B382F71DF9C00206982 /* lara */ = {
			isa = PBXNativeTarget;
			buildConfigurationList = CC1C8B442F71DF9C00206982 /* Build configuration list for PBXNativeTarget "lara" */;
			buildPhases = (
				CC1C8B352F71DF9C00206982 /* Sources */,
				CC1C8B362F71DF9C00206982 /* Frameworks */,
				9F4A1D313C4E567890123456 /* Embed Frameworks */,
				9F4A1D503C4E567890123456 /* Force Sign Embedded Dylibs */,
				CC1C8B372F71DF9C00206982 /* Resources */,
				CC6845A02F86948300B08EB0 /* Embed App Clips */,
			);
			buildRules = (
			);
			dependencies = (
			);
			fileSystemSynchronizedGroups = (
				CC1C8B3B2F71DF9C00206982 /* lara */,
			);
			name = lara;
			packageProductDependencies = (
			);
			productName = lara;
			productReference = CC1C8B392F71DF9C00206982 /* lara.app */;
			productType = "com.apple.product-type.application";
		};
/* End PBXNativeTarget section */

/* Begin PBXProject section */
		CC1C8B312F71DF9C00206982 /* Project object */ = {
			isa = PBXProject;
			attributes = {
				BuildIndependentTargetsInParallel = 1;
				LastSwiftUpdateCheck = 2600;
				LastUpgradeCheck = 2600;
				TargetAttributes = {
					CC1C8B382F71DF9C00206982 = {
						CreatedOnToolsVersion = 26.0.1;
					};
				};
			};
			buildConfigurationList = CC1C8B342F71DF9C00206982 /* Build configuration list for PBXProject "lara" */;
			developmentRegion = en;
			hasScannedForEncodings = 0;
			knownRegions = (
				en,
				Base,
			);
			mainGroup = CC1C8B302F71DF9C00206982;
			minimizedProjectReferenceProxies = 1;
			packageReferences = (
			);
			preferredProjectObjectVersion = 77;
			productRefGroup = CC1C8B3A2F71DF9C00206982 /* Products */;
			projectDirPath = "";
			projectRoot = "";
			targets = (
				CC1C8B382F71DF9C00206982 /* lara */,
			);
		};
/* End PBXProject section */

/* Begin PBXResourcesBuildPhase section */
		CC1C8B372F71DF9C00206982 /* Resources */ = {
			isa = PBXResourcesBuildPhase;
			buildActionMask = 2147483647;
			files = (
				15F024122FBB9510004BD090 /* folderDark.materialrecipe in Resources */,
				15F024152FBB9510004BD090 /* homeScreenBackdrop-application.materialrecipe in Resources */,
				15F024162FBB9510004BD090 /* dockDark.materialrecipe in Resources */,
				15F024172FBB9510004BD090 /* platters.materialrecipe in Resources */,
				15F024192FBB9510004BD090 /* HomeBarAssets.car in Resources */,
				15F0241A2FBB9510004BD090 /* modules.materialrecipe in Resources */,
				15F0241B2FBB9510004BD090 /* folderExpandedBackgroundHome.materialrecipe in Resources */,
				15F0241E2FBB9510004BD090 /* platterVibrantShadowDark.visualstyleset in Resources */,
				15F024212FBB9510004BD090 /* homeScreenOverlay.materialrecipe in Resources */,
				15F024232FBB9510004BD090 /* homeScreenOverlay-iPad.materialrecipe in Resources */,
				15F024242FBB9510004BD090 /* plattersDark.materialrecipe in Resources */,
				15F024252FBB9510004BD090 /* podBackgroundViewLight.visualstyleset in Resources */,
				15F0242A2FBB9510004BD090 /* dockLight.materialrecipe in Resources */,
				15F0242E2FBB9510004BD090 /* folderLight.materialrecipe in Resources */,
				15F024312FBB9510004BD090 /* platterVibrantShadowLight.visualstyleset in Resources */,
				15F024322FBB9510004BD090 /* replacement.materialrecipe in Resources */,
				15F024342FBB9510004BD090 /* modulesBackground.materialrecipe in Resources */,
				15F024352FBB9510004BD090 /* podBackgroundViewDark.visualstyleset in Resources */,
			);
			runOnlyForDeploymentPostprocessing = 0;
		};
/* End PBXResourcesBuildPhase section */

/* Begin PBXShellScriptBuildPhase section */
		9F4A1D503C4E567890123456 /* Force Sign Embedded Dylibs */ = {
			isa = PBXShellScriptBuildPhase;
			alwaysOutOfDate = 1;
			buildActionMask = 2147483647;
			files = (
			);
			inputPaths = (
				"$(TARGET_BUILD_DIR)/$(FRAMEWORKS_FOLDER_PATH)",
				"$(TARGET_BUILD_DIR)/$(FRAMEWORKS_FOLDER_PATH)/libgrabkernel2.dylib",
				"$(TARGET_BUILD_DIR)/$(FRAMEWORKS_FOLDER_PATH)/libxpf.dylib",
			);
			name = "Force Sign Embedded Dylibs";
			outputPaths = (
			);
			runOnlyForDeploymentPostprocessing = 0;
			shellPath = /bin/sh;
			shellScript = "set -e; if [ -z \"$EXPANDED_CODE_SIGN_IDENTITY\" ]; then exit 0; fi; fw=\"$CODESIGNING_FOLDER_PATH/Frameworks\"; for f in \"$fw/libgrabkernel2.dylib\" \"$fw/libxpf.dylib\"; do if [ -f \"$f\" ]; then /usr/bin/codesign --force --sign \"$EXPANDED_CODE_SIGN_IDENTITY\" --timestamp=none \"$f\"; fi; done";
		};
/* End PBXShellScriptBuildPhase section */

/* Begin PBXSourcesBuildPhase section */
		CC1C8B352F71DF9C00206982 /* Sources */ = {
			isa = PBXSourcesBuildPhase;
			buildActionMask = 2147483647;
			files = (
				F75DD90ACC925A1E8E33C26C /* lara.swift in Sources */,
				C336E3979CC2C7F8A94D6AF1 /* PartyUI.swift in Sources */,
				C2858ED0B081F8AE3766D2E9 /* AppInfo.swift in Sources */,
				E66C9E83A962BD601DC9A45B /* VariableBlur.swift in Sources */,
				16A22C8513C12FA7287FFF3D /* Alertinator.swift in Sources */,
				A1A489324EECFC2C14286B1F /* Exitinator.swift in Sources */,
				F49932979ABF1D4ED4A0AC5F /* Hapticinator.swift in Sources */,
				18D5DFF22131DCC6C74079B6 /* Shareinator.swift in Sources */,
				13040154CC3AD232872123C7 /* AppInfoCell.swift in Sources */,
				970535CE5A52D1FF5FB41228 /* GetLicenseDict.swift in Sources */,
				AE2C05E08C6CAF8BB4221FA6 /* LicenseView.swift in Sources */,
				11E4FBC57698685B9C373266 /* LinkCreditCell.swift in Sources */,
				8404FBEA58D62E9F837AC3B3 /* WelcomeSheetRow.swift in Sources */,
				3C52575B35033304AEDEE2D2 /* WelcomeSheetView.swift in Sources */,
				EBAA1004B067253BD11072F2 /* DesignStyle.swift in Sources */,
				250B4805A28E3C1386BED9FC /* ButtonLabel.swift in Sources */,
				82D0EFA81A7DF3F2126D86BA /* FancyButtonStyle.swift in Sources */,
				ACF3BC80C6BC51FCFE836F84 /* NavigationLabel.swift in Sources */,
				05DF35E9115262318EB0ADAD /* PrimaryButtonStyle.swift in Sources */,
				C2E88D7B9FFC73920CB9280B /* TinyButtonStyle.swift in Sources */,
				C385FCD0C3F7E413F33C2C8B /* TranslucentButtonStyle.swift in Sources */,
				51141D5A2CEAFB6B6E25CBA4 /* FadeAnimation.swift in Sources */,
				020B5E04BBC53F5A29A32244 /* OverlayBackground.swift in Sources */,
				E9332A5BAACA579DA00CDF75 /* CompactAlert.swift in Sources */,
				7A87F6FCD9BA2AF758661A65 /* InfoBadge.swift in Sources */,
				A310F66C3A5EAAAF89AD00AA /* PlainAlert.swift in Sources */,
				342FD58F32A171753DAD9EC5 /* TinyInfoPlatter.swift in Sources */,
				5BB013B946DC583B164AB45D /* PlainToggle.swift in Sources */,
				6CAB2E8179E908BC764AA623 /* PlatterToggle.swift in Sources */,
				6A1D4F7C9EB1EF2FA2BAE491 /* TextFieldBackground.swift in Sources */,
				281BDB3F762CAFD6D1EC0B0B /* TextFieldButton.swift in Sources */,
				0A8208BFDC8A3732DCB00295 /* HeaderDropdown.swift in Sources */,
				4E1F9AAFFB101897004C955D /* HeaderLabel.swift in Sources */,
				6D8657DA1467B03D6C6E8130 /* SectionPlatter.swift in Sources */,
				E0746B8FC83A9B3A3CE1F256 /* ThemedHeaderLabel.swift in Sources */,
				C6D6DAC23FE684FE474A32BB /* TerminalHeader.swift in Sources */,
				A081CF5B6551B3F0277F1913 /* TerminalPlatter.swift in Sources */,
				F6BE6560D16DCF958942009B /* AppContext.swift in Sources */,
				C2B06E1E8BF8ECF277B4C7AA /* CommandLogger.swift in Sources */,
				950854E730EB4C10CA4BD111 /* CommandResult.swift in Sources */,
				444E97390AED60000C7D460D /* HotPlugin.swift in Sources */,
				4F58A200F2B4BA116F686184 /* HotPluginManager.swift in Sources */,
				6DC8D5FE987FE7D343D97E58 /* KernelScanner.swift in Sources */,
				60FF76FBBB440F7C955391F1 /* Logger.swift in Sources */,
				B23A7D56D6521582A6ABBCD3 /* OmegaBootstrap.swift in Sources */,
				29A9D5F0DDB72CBFC3635659 /* OmegaBus.swift in Sources */,
				5712B55D4BE65A6E598DB845 /* OmegaCore.swift in Sources */,
				36E889C8CECD5DC05FFF8D8E /* OmegaExtendedA.swift in Sources */,
				DAAE0A506E6C393C9E7F20C4 /* OmegaExtendedB.swift in Sources */,
				CDF80E3F8C1CCDF374A1C3AF /* OmegaExtendedC.swift in Sources */,
				FD585332D6DADD2332C9C09D /* OmegaExtendedD.swift in Sources */,
				3A2E1DECB0A299B32ACF33F4 /* OmegaExtendedE.swift in Sources */,
				AA00BB11CC22DD33EE44FF55 /* OmegaExtendedF.swift in Sources */,
				AA11BB22CC33DD44EE55FF66 /* OmegaExtendedG.swift in Sources */,
					BB00CC11DD22EE33FF44AA55 /* tools_system.m in Sources */,
					CC11DD22EE33FF44AA55BB66 /* OmegaCrashBarrier.m in Sources */,
				PL00000002000000000000002 /* ProcLinkEngine.swift in Sources */,
				7C45CD1949D93C9A24476790 /* OmegaFS.swift in Sources */,
				CB8B58ED5D3655D81E616D02 /* OmegaPlugin.swift in Sources */,
				7AE7E8B83FE608B520890BA7 /* OmegaRouter.swift in Sources */,
				B27D3D0A4FA80DA3A0AF8427 /* OmegaValidator.swift in Sources */,
				2D2F79E3B0F0C42B1DC7CE14 /* PluginManager.swift in Sources */,
				CC7BD2D25125666C58A3B493 /* ProcessLayer.swift in Sources */,
				D898E08C88AD353B1C2905A2 /* TerminalHistory.swift in Sources */,
				9DDB0DA80C14B78A5DB12E90 /* laramgr.swift in Sources */,
				5FE6E5DA11FFE78D1A1CE119 /* zipmgr.swift in Sources */,
				AE5089B3646AD560BC08BAC3 /* IconThemeGalleryManager.swift in Sources */,
				0C8B28FDEC0B0F5E9939529C /* IconThemeManager.swift in Sources */,
				CA576921AB173CF8E6246BB5 /* PasscodeGalleryManager.swift in Sources */,
				6FC44A975B7793270D9F7DCC /* fetchkcache.swift in Sources */,
				870C3797E7A6D39263AD81FD /* getbmhash.swift in Sources */,
				2383F7216A5AB5014438A02A /* helpers.swift in Sources */,
				813796FF84DDCAE182A774ED /* isdebugged.swift in Sources */,
				E2E5835495D7CB7CA96DB159 /* islcinstalled.swift in Sources */,
				15E71F0D58EDEE7A19343D8E /* isunsupported.swift in Sources */,
				BFF62513516B96F49194BEF2 /* keepalive.swift in Sources */,
				E0FA4844DC8BD30BFFC6D5EB /* resizetoapprox.swift in Sources */,
				ED1898DE3750DE7F55912E24 /* EchoPlugin.swift in Sources */,
				34A4BF36D29A2A633971EC0C /* StatusPlugin.swift in Sources */,
				3A08A5AFE15B6D0504B2260D /* ContentView.swift in Sources */,
				3BCCE900A2139F464B15B4CA /* LogsView.swift in Sources */,
				9C903685EBF73F380C7AA54A /* TerminalView.swift in Sources */,
				8911D2EA603C4A617A5E4290 /* CreditsView.swift in Sources */,
				B0442F46FFBADFECDB6D1B56 /* OffsetManagementView.swift in Sources */,
				56075F2D9C7A9EB33174ED9D /* SettingsView.swift in Sources */,
				2FCEB9A7AC885BC7324B3FCF /* DirectoryView.swift in Sources */,
				990FDB35E765AC84B64E7556 /* FileInfoSheet.swift in Sources */,
				375DC474D6E091ACF5A0F741 /* FileSystemHelpers.swift in Sources */,
				50B515B3D533FDE958B44888 /* FileView.swift in Sources */,
				B443BA162D4D841FD90C8267 /* SantanderView.swift in Sources */,
				8145B4BA0FB427FBAFCE10CC /* respring.swift in Sources */,
				379A70E38F06E81093C36626 /* AppsView.swift in Sources */,
				F6C0ADA822BC02BD0FF69D3C /* CardView.swift in Sources */,
				A4061D609030D7D398008801 /* CustomView.swift in Sources */,
				31CC3C82C568C90676047425 /* DecryptView.swift in Sources */,
				C4B17607FDEA329796DFABF9 /* FontPicker.swift in Sources */,
				9A793B66F7390A468E4E012A /* IPAInstallerView.swift in Sources */,
				3BECDF9C5CEF1DD0A4D3DC00 /* JitView.swift in Sources */,
				A57CE4DDDC94D95705A6B815 /* OTAView.swift in Sources */,
				81A373562C120AB50C42820D /* RemoteView.swift in Sources */,
				C6E86A91BD43EB4A9D2F6AEE /* ScreenTimeView.swift in Sources */,
				BFF515DAE6B19F30F24D9951 /* SystemColor.swift in Sources */,
				3732BE210C2ADBA6808CA1A7 /* ToolsView.swift in Sources */,
				C7A667D2F5F64F9EDD924A88 /* TweaksView.swift in Sources */,
				1ACDB4734341EFF5B53338F1 /* VarCleanView.swift in Sources */,
				B89DE93B911D9A41BB696037 /* WhitelistView.swift in Sources */,
				24B6F6BC7827AED203DEC772 /* CCView.swift in Sources */,
				88D90A0222197FB35F12DDD3 /* DarkBoardExploreView.swift in Sources */,
				E3E414CD627513BABD034F63 /* DarkBoardView.swift in Sources */,
				CFC1ACE9303A80B0CFD90FDC /* dirtyZeroTweakArray.swift in Sources */,
				FF2FDBFD31987C713A895616 /* dirtyZeroView.swift in Sources */,
				F06D05427A40A823D4D20372 /* LiquidGlassPreview.swift in Sources */,
				0B64702478ED54017C832125 /* LiquidGlassView.swift in Sources */,
				076A96DD7D437C1CF62FD2B0 /* GestaltFileView.swift in Sources */,
				61A34C89B64F0D824BECB4FD /* GestaltView.swift in Sources */,
				F0905768E99529014103B517 /* PasscodeExploreView.swift in Sources */,
				5F6EC5F32FF380F58404B8CA /* PasscodeRepoView.swift in Sources */,
				261598E345362190030A8906 /* PasscodeView.swift in Sources */,
				C199649A51BDF1058CED27F3 /* SBCustomizerHandler.swift in Sources */,
				76C96635B8F154FEA91B2CB5 /* SpringBoardView.swift in Sources */,
			);
			runOnlyForDeploymentPostprocessing = 0;
		};
/* End PBXSourcesBuildPhase section */

/* Begin XCBuildConfiguration section */
		CC1C8B422F71DF9C00206982 /* Debug */ = {
			isa = XCBuildConfiguration;
			buildSettings = {
				ALWAYS_SEARCH_USER_PATHS = NO;
				ARCHS = arm64e;
				ASSETCATALOG_COMPILER_GENERATE_SWIFT_ASSET_SYMBOL_EXTENSIONS = YES;
				CLANG_ANALYZER_NONNULL = YES;
				CLANG_ANALYZER_NUMBER_OBJECT_CONVERSION = YES_AGGRESSIVE;
				CLANG_CXX_LANGUAGE_STANDARD = "gnu++20";
				CLANG_ENABLE_MODULES = YES;
				CLANG_ENABLE_OBJC_ARC = YES;
				CLANG_ENABLE_OBJC_WEAK = YES;
				CLANG_WARN_BLOCK_CAPTURE_AUTORELEASING = YES;
				CLANG_WARN_BOOL_CONVERSION = YES;
				CLANG_WARN_COMMA = YES;
				CLANG_WARN_CONSTANT_CONVERSION = YES;
				CLANG_WARN_DEPRECATED_OBJC_IMPLEMENTATIONS = YES;
				CLANG_WARN_DIRECT_OBJC_ISA_USAGE = YES_ERROR;
				CLANG_WARN_DOCUMENTATION_COMMENTS = YES;
				CLANG_WARN_EMPTY_BODY = YES;
				CLANG_WARN_ENUM_CONVERSION = YES;
				CLANG_WARN_INFINITE_RECURSION = YES;
				CLANG_WARN_INT_CONVERSION = YES;
				CLANG_WARN_NON_LITERAL_NULL_CONVERSION = YES;
				CLANG_WARN_OBJC_IMPLICIT_RETAIN_SELF = YES;
				CLANG_WARN_OBJC_LITERAL_CONVERSION = YES;
				CLANG_WARN_OBJC_ROOT_CLASS = YES_ERROR;
				CLANG_WARN_QUOTED_INCLUDE_IN_FRAMEWORK_HEADER = YES;
				CLANG_WARN_RANGE_LOOP_ANALYSIS = YES;
				CLANG_WARN_STRICT_PROTOTYPES = YES;
				CLANG_WARN_SUSPICIOUS_MOVE = YES;
				CLANG_WARN_UNGUARDED_AVAILABILITY = YES_AGGRESSIVE;
				CLANG_WARN_UNREACHABLE_CODE = YES;
				CLANG_WARN__DUPLICATE_METHOD_MATCH = YES;
				COPY_PHASE_STRIP = NO;
				DEBUG_INFORMATION_FORMAT = dwarf;
				DEVELOPMENT_TEAM = DN4S6CXFWY;
				ENABLE_STRICT_OBJC_MSGSEND = YES;
				ENABLE_TESTABILITY = YES;
				ENABLE_USER_SCRIPT_SANDBOXING = YES;
				GCC_C_LANGUAGE_STANDARD = gnu17;
				GCC_DYNAMIC_NO_PIC = NO;
				GCC_NO_COMMON_BLOCKS = YES;
				GCC_OPTIMIZATION_LEVEL = 0;
				GCC_PREPROCESSOR_DEFINITIONS = (
					"DEBUG=1",
					"$(inherited)",
				);
				GCC_WARN_64_TO_32_BIT_CONVERSION = YES;
				GCC_WARN_ABOUT_RETURN_TYPE = YES_ERROR;
				GCC_WARN_UNDECLARED_SELECTOR = YES;
				GCC_WARN_UNINITIALIZED_AUTOS = YES_AGGRESSIVE;
				GCC_WARN_UNUSED_FUNCTION = YES;
				GCC_WARN_UNUSED_VARIABLE = YES;
				IPHONEOS_DEPLOYMENT_TARGET = 26.0;
				LOCALIZATION_PREFERS_STRING_CATALOGS = YES;
				MTL_ENABLE_DEBUG_INFO = INCLUDE_SOURCE;
				MTL_FAST_MATH = YES;
				ONLY_ACTIVE_ARCH = YES;
				SDKROOT = iphoneos;
				SWIFT_ACTIVE_COMPILATION_CONDITIONS = "DEBUG $(inherited)";
				SWIFT_OPTIMIZATION_LEVEL = "-Onone";
			};
			name = Debug;
		};
		CC1C8B432F71DF9C00206982 /* Release */ = {
			isa = XCBuildConfiguration;
			buildSettings = {
				ALWAYS_SEARCH_USER_PATHS = NO;
				ARCHS = arm64e;
				ASSETCATALOG_COMPILER_GENERATE_SWIFT_ASSET_SYMBOL_EXTENSIONS = YES;
				CLANG_ANALYZER_NONNULL = YES;
				CLANG_ANALYZER_NUMBER_OBJECT_CONVERSION = YES_AGGRESSIVE;
				CLANG_CXX_LANGUAGE_STANDARD = "gnu++20";
				CLANG_ENABLE_MODULES = YES;
				CLANG_ENABLE_OBJC_ARC = YES;
				CLANG_ENABLE_OBJC_WEAK = YES;
				CLANG_WARN_BLOCK_CAPTURE_AUTORELEASING = YES;
				CLANG_WARN_BOOL_CONVERSION = YES;
				CLANG_WARN_COMMA = YES;
				CLANG_WARN_CONSTANT_CONVERSION = YES;
				CLANG_WARN_DEPRECATED_OBJC_IMPLEMENTATIONS = YES;
				CLANG_WARN_DIRECT_OBJC_ISA_USAGE = YES_ERROR;
				CLANG_WARN_DOCUMENTATION_COMMENTS = YES;
				CLANG_WARN_EMPTY_BODY = YES;
				CLANG_WARN_ENUM_CONVERSION = YES;
				CLANG_WARN_INFINITE_RECURSION = YES;
				CLANG_WARN_INT_CONVERSION = YES;
				CLANG_WARN_NON_LITERAL_NULL_CONVERSION = YES;
				CLANG_WARN_OBJC_IMPLICIT_RETAIN_SELF = YES;
				CLANG_WARN_OBJC_LITERAL_CONVERSION = YES;
				CLANG_WARN_OBJC_ROOT_CLASS = YES_ERROR;
				CLANG_WARN_QUOTED_INCLUDE_IN_FRAMEWORK_HEADER = YES;
				CLANG_WARN_RANGE_LOOP_ANALYSIS = YES;
				CLANG_WARN_STRICT_PROTOTYPES = YES;
				CLANG_WARN_SUSPICIOUS_MOVE = YES;
				CLANG_WARN_UNGUARDED_AVAILABILITY = YES_AGGRESSIVE;
				CLANG_WARN_UNREACHABLE_CODE = YES;
				CLANG_WARN__DUPLICATE_METHOD_MATCH = YES;
				COPY_PHASE_STRIP = NO;
				DEBUG_INFORMATION_FORMAT = "dwarf-with-dsym";
				DEVELOPMENT_TEAM = DN4S6CXFWY;
				ENABLE_NS_ASSERTIONS = NO;
				ENABLE_STRICT_OBJC_MSGSEND = YES;
				ENABLE_USER_SCRIPT_SANDBOXING = YES;
				GCC_C_LANGUAGE_STANDARD = gnu17;
				GCC_NO_COMMON_BLOCKS = YES;
				GCC_WARN_64_TO_32_BIT_CONVERSION = YES;
				GCC_WARN_ABOUT_RETURN_TYPE = YES_ERROR;
				GCC_WARN_UNDECLARED_SELECTOR = YES;
				GCC_WARN_UNINITIALIZED_AUTOS = YES_AGGRESSIVE;
				GCC_WARN_UNUSED_FUNCTION = YES;
				GCC_WARN_UNUSED_VARIABLE = YES;
				IPHONEOS_DEPLOYMENT_TARGET = 26.0;
				LOCALIZATION_PREFERS_STRING_CATALOGS = YES;
				MTL_ENABLE_DEBUG_INFO = NO;
				MTL_FAST_MATH = YES;
				SDKROOT = iphoneos;
				SWIFT_COMPILATION_MODE = wholemodule;
				VALIDATE_PRODUCT = YES;
			};
			name = Release;
		};
		CC1C8B452F71DF9C00206982 /* Debug */ = {
			isa = XCBuildConfiguration;
			buildSettings = {
				ARCHS = arm64e;
				ASSETCATALOG_COMPILER_APPICON_NAME = AppIcon;
				ASSETCATALOG_COMPILER_INCLUDE_ALL_APPICON_ASSETS = YES;
				CODE_SIGN_STYLE = Automatic;
				CURRENT_PROJECT_VERSION = Release;
				DEVELOPMENT_TEAM = "";
				ENABLE_PREVIEWS = YES;
				ENABLE_USER_SCRIPT_SANDBOXING = NO;
				GENERATE_INFOPLIST_FILE = YES;
				HEADER_SEARCH_PATHS = (
					"$(inherited)",
					"$(SRCROOT)/lara",
					"$(SRCROOT)/lara/kexploit",
					"$(SRCROOT)/lara/kexploit/pe",
					"$(SRCROOT)/lara/kexploit/TaskRop",
					"$(SRCROOT)/lara/headers",
					"$(SRCROOT)/lara/lib/choma",
				);
				INFOPLIST_FILE = lara/Info.plist;
				INFOPLIST_KEY_LSSupportsOpeningDocumentsInPlace = YES;
				INFOPLIST_KEY_UIApplicationSceneManifest_Generation = YES;
				INFOPLIST_KEY_UIApplicationSupportsIndirectInputEvents = YES;
				INFOPLIST_KEY_UIFileSharingEnabled = YES;
				INFOPLIST_KEY_UILaunchScreen_Generation = YES;
				INFOPLIST_KEY_UISupportedInterfaceOrientations_iPad = "UIInterfaceOrientationPortrait UIInterfaceOrientationPortraitUpsideDown UIInterfaceOrientationLandscapeLeft UIInterfaceOrientationLandscapeRight";
				INFOPLIST_KEY_UISupportedInterfaceOrientations_iPhone = "UIInterfaceOrientationPortrait UIInterfaceOrientationLandscapeLeft UIInterfaceOrientationLandscapeRight";
				IPHONEOS_DEPLOYMENT_TARGET = 16.0;
				LD_RUNPATH_SEARCH_PATHS = (
					"$(inherited)",
					"@executable_path/Frameworks",
				);
				LIBRARY_SEARCH_PATHS = (
					"$(inherited)",
					"$(PROJECT_DIR)/lara/lib",
				);
				MARKETING_VERSION = 0.2;
				PRODUCT_BUNDLE_IDENTIFIER = com.roooot.lara;
				PRODUCT_NAME = "$(TARGET_NAME)";
				STRING_CATALOG_GENERATE_SYMBOLS = YES;
				SUPPORTED_PLATFORMS = "iphoneos iphonesimulator";
				SUPPORTS_MACCATALYST = NO;
				SUPPORTS_MAC_DESIGNED_FOR_IPHONE_IPAD = NO;
				SUPPORTS_XR_DESIGNED_FOR_IPHONE_IPAD = NO;
				SWIFT_APPROACHABLE_CONCURRENCY = YES;
				SWIFT_DEFAULT_ACTOR_ISOLATION = MainActor;
				SWIFT_EMIT_LOC_STRINGS = YES;
				SWIFT_OBJC_BRIDGING_HEADER = "lara/lara-Bridging-Header.h";
				SWIFT_UPCOMING_FEATURE_MEMBER_IMPORT_VISIBILITY = YES;
				SWIFT_VERSION = 5.0;
				TARGETED_DEVICE_FAMILY = "1,2";
			};
			name = Debug;
		};
		CC1C8B462F71DF9C00206982 /* Release */ = {
			isa = XCBuildConfiguration;
			buildSettings = {
				ARCHS = arm64e;
				ASSETCATALOG_COMPILER_APPICON_NAME = AppIcon;
				ASSETCATALOG_COMPILER_INCLUDE_ALL_APPICON_ASSETS = YES;
				CODE_SIGN_STYLE = Automatic;
				CURRENT_PROJECT_VERSION = Release;
				DEVELOPMENT_TEAM = "";
				ENABLE_PREVIEWS = YES;
				ENABLE_USER_SCRIPT_SANDBOXING = NO;
				GENERATE_INFOPLIST_FILE = YES;
				HEADER_SEARCH_PATHS = (
					"$(inherited)",
					"$(SRCROOT)/lara",
					"$(SRCROOT)/lara/kexploit",
					"$(SRCROOT)/lara/kexploit/pe",
					"$(SRCROOT)/lara/kexploit/TaskRop",
					"$(SRCROOT)/lara/headers",
					"$(SRCROOT)/lara/lib/choma",
				);
				INFOPLIST_FILE = lara/Info.plist;
				INFOPLIST_KEY_LSSupportsOpeningDocumentsInPlace = YES;
				INFOPLIST_KEY_UIApplicationSceneManifest_Generation = YES;
				INFOPLIST_KEY_UIApplicationSupportsIndirectInputEvents = YES;
				INFOPLIST_KEY_UIFileSharingEnabled = YES;
				INFOPLIST_KEY_UILaunchScreen_Generation = YES;
				INFOPLIST_KEY_UISupportedInterfaceOrientations_iPad = "UIInterfaceOrientationPortrait UIInterfaceOrientationPortraitUpsideDown UIInterfaceOrientationLandscapeLeft UIInterfaceOrientationLandscapeRight";
				INFOPLIST_KEY_UISupportedInterfaceOrientations_iPhone = "UIInterfaceOrientationPortrait UIInterfaceOrientationLandscapeLeft UIInterfaceOrientationLandscapeRight";
				IPHONEOS_DEPLOYMENT_TARGET = 16.0;
				LD_RUNPATH_SEARCH_PATHS = (
					"$(inherited)",
					"@executable_path/Frameworks",
				);
				LIBRARY_SEARCH_PATHS = (
					"$(inherited)",
					"$(PROJECT_DIR)/lara/lib",
				);
				MARKETING_VERSION = 0.2;
				PRODUCT_BUNDLE_IDENTIFIER = com.roooot.lara;
				PRODUCT_NAME = "$(TARGET_NAME)";
				STRING_CATALOG_GENERATE_SYMBOLS = YES;
				SUPPORTED_PLATFORMS = "iphoneos iphonesimulator";
				SUPPORTS_MACCATALYST = NO;
				SUPPORTS_MAC_DESIGNED_FOR_IPHONE_IPAD = NO;
				SUPPORTS_XR_DESIGNED_FOR_IPHONE_IPAD = NO;
				SWIFT_APPROACHABLE_CONCURRENCY = YES;
				SWIFT_DEFAULT_ACTOR_ISOLATION = MainActor;
				SWIFT_EMIT_LOC_STRINGS = YES;
				SWIFT_OBJC_BRIDGING_HEADER = "lara/lara-Bridging-Header.h";
				SWIFT_UPCOMING_FEATURE_MEMBER_IMPORT_VISIBILITY = YES;
				SWIFT_VERSION = 5.0;
				TARGETED_DEVICE_FAMILY = "1,2";
			};
			name = Release;
		};
/* End XCBuildConfiguration section */

/* Begin XCConfigurationList section */
		CC1C8B342F71DF9C00206982 /* Build configuration list for PBXProject "lara" */ = {
			isa = XCConfigurationList;
			buildConfigurations = (
				CC1C8B422F71DF9C00206982 /* Debug */,
				CC1C8B432F71DF9C00206982 /* Release */,
			);
			defaultConfigurationIsVisible = 0;
			defaultConfigurationName = Release;
		};
		CC1C8B442F71DF9C00206982 /* Build configuration list for PBXNativeTarget "lara" */ = {
			isa = XCConfigurationList;
			buildConfigurations = (
				CC1C8B452F71DF9C00206982 /* Debug */,
				CC1C8B462F71DF9C00206982 /* Release */,
			);
			defaultConfigurationIsVisible = 0;
			defaultConfigurationName = Release;
		};
/* End XCConfigurationList section */
	};
	rootObject = CC1C8B312F71DF9C00206982 /* Project object */;
}
